// !$*UTF8*$!
{
	archiveVersion = 1;
	classes = {
	};
	objectVersion = 46;
	objects = {

/* Begin PBXBuildFile section */
		019BFA419A1C493998D767A0 /* OpenSans-LightItalic.ttf in Resources */ = {isa = PBXBuildFile; fileRef = 7B5AA0CC94474E5C961A2B62 /* OpenSans-LightItalic.ttf */; };
		05E458FA4E5282B49AE6E543 /* ExpoModulesProvider.swift in Sources */ = {isa = PBXBuildFile; fileRef = 19EEBA1735DF8F1F9E4B0871 /* ExpoModulesProvider.swift */; };
		0EFAF3F629434EEE9EB3D1AB /* OpenSans-ExtraBold.ttf in Resources */ = {isa = PBXBuildFile; fileRef = 67DA6C572CB04D0CAD69AAE8 /* OpenSans-ExtraBold.ttf */; };
		13B07FBC1A68108700A75B9A /* AppDelegate.mm in Sources */ = {isa = PBXBuildFile; fileRef = 13B07FB01A68108700A75B9A /* AppDelegate.mm */; };
		13B07FBF1A68108700A75B9A /* Images.xcassets in Resources */ = {isa = PBXBuildFile; fileRef = 13B07FB51A68108700A75B9A /* Images.xcassets */; };
		13B07FC11A68108700A75B9A /* main.m in Sources */ = {isa = PBXBuildFile; fileRef = 13B07FB71A68108700A75B9A /* main.m */; };
		15E531D5242B28EF00797B89 /* UIImageViewWithPersistentAnimations.swift in Sources */ = {isa = PBXBuildFile; fileRef = 15E531D4242B28EF00797B89 /* UIImageViewWithPersistentAnimations.swift */; };
		15E531DA242DAB7100797B89 /* NotificationManager.m in Sources */ = {isa = PBXBuildFile; fileRef = 15E531D9242DAB7100797B89 /* NotificationManager.m */; };
		24979E8920F84250007EB0DA /* GoogleService-Info.plist in Resources */ = {isa = PBXBuildFile; fileRef = 24979E7720F84004007EB0DA /* GoogleService-Info.plist */; };
		2BE0026A9A624831826E8B6A /* RobotoMono-Regular.ttf in Resources */ = {isa = PBXBuildFile; fileRef = 009215AA8FF64348B2A73F5E /* RobotoMono-Regular.ttf */; };
		2EB90C38D49A4C09AB167D36 /* OpenSans-BoldItalic.ttf in Resources */ = {isa = PBXBuildFile; fileRef = 361BED8238264C8586D6FE03 /* OpenSans-BoldItalic.ttf */; };
		3C109692EB3643688A68E778 /* OpenSans-Italic.ttf in Resources */ = {isa = PBXBuildFile; fileRef = C771B5C4107C418D981341FE /* OpenSans-Italic.ttf */; };
		6630540924A38A1900E5B030 /* RainbowText.m in Sources */ = {isa = PBXBuildFile; fileRef = 6630540824A38A1900E5B030 /* RainbowText.m */; };
		6635730624939991006ACFA6 /* SafeStoreReview.m in Sources */ = {isa = PBXBuildFile; fileRef = 6635730524939991006ACFA6 /* SafeStoreReview.m */; };
		6655FFB425BB2B0700642961 /* ThemeModule.m in Sources */ = {isa = PBXBuildFile; fileRef = 6655FFB325BB2B0700642961 /* ThemeModule.m */; };
		66A28EB024CAF1B500410A88 /* TestFlight.m in Sources */ = {isa = PBXBuildFile; fileRef = 66A28EAF24CAF1B500410A88 /* TestFlight.m */; };
		7287CE1EC33B4913AEE1F4B6 /* SFMono-Medium.otf in Resources */ = {isa = PBXBuildFile; fileRef = 668A9E253DAF444A90ECB997 /* SFMono-Medium.otf */; };
		9B05FBFFF18BFF7F55A2BF48 /* libPods-Rainbow.a in Frameworks */ = {isa = PBXBuildFile; fileRef = 4B6AC983DAF4881C0B599D58 /* libPods-Rainbow.a */; };
		9EE7A81B54D644FE90F32B5D /* OpenSans-Regular.ttf in Resources */ = {isa = PBXBuildFile; fileRef = 3D66612AA98046D893194DDE /* OpenSans-Regular.ttf */; };
		A39A1DD0C9844C7E83998733 /* OpenSans-Light.ttf in Resources */ = {isa = PBXBuildFile; fileRef = BC680628EF2A4CD18F0FD471 /* OpenSans-Light.ttf */; };
		A4277D9F23CBD1910042BAF4 /* Extensions.swift in Sources */ = {isa = PBXBuildFile; fileRef = A4277D9E23CBD1910042BAF4 /* Extensions.swift */; };
		A4277DA323CFE85F0042BAF4 /* Theme.swift in Sources */ = {isa = PBXBuildFile; fileRef = A4277DA223CFE85F0042BAF4 /* Theme.swift */; };
		A4D04BA923D12F99008C1DEC /* Button.swift in Sources */ = {isa = PBXBuildFile; fileRef = A4D04BA823D12F99008C1DEC /* Button.swift */; };
		A4D04BAC23D12FD5008C1DEC /* ButtonManager.m in Sources */ = {isa = PBXBuildFile; fileRef = A4D04BAB23D12FD5008C1DEC /* ButtonManager.m */; };
		AA6228EF24272F510078BDAA /* SF-Pro-Rounded-Bold.otf in Resources */ = {isa = PBXBuildFile; fileRef = AA6228EB24272B200078BDAA /* SF-Pro-Rounded-Bold.otf */; };
		AA6228F024272F510078BDAA /* SF-Pro-Rounded-Heavy.otf in Resources */ = {isa = PBXBuildFile; fileRef = AA6228EC24272B200078BDAA /* SF-Pro-Rounded-Heavy.otf */; };
		AA6228F124272F510078BDAA /* SF-Pro-Rounded-Medium.otf in Resources */ = {isa = PBXBuildFile; fileRef = AA6228ED24272B200078BDAA /* SF-Pro-Rounded-Medium.otf */; };
		AA6228F224272F510078BDAA /* SF-Pro-Rounded-Regular.otf in Resources */ = {isa = PBXBuildFile; fileRef = AA6228EE24272B200078BDAA /* SF-Pro-Rounded-Regular.otf */; };
		AA6228F324272F510078BDAA /* SF-Pro-Rounded-Semibold.otf in Resources */ = {isa = PBXBuildFile; fileRef = AA6228EA24272B200078BDAA /* SF-Pro-Rounded-Semibold.otf */; };
		B7A3E82A4C4449F4A18EB5C2 /* SFMono-Regular.otf in Resources */ = {isa = PBXBuildFile; fileRef = 95F2888C850F40C8A26E083B /* SFMono-Regular.otf */; };
		B9228E638CCB4EF7B7CBFDFF /* OpenSans-ExtraBoldItalic.ttf in Resources */ = {isa = PBXBuildFile; fileRef = 9058985CB724444CB23BCE60 /* OpenSans-ExtraBoldItalic.ttf */; };
		C04D10F025AFC8C1003BEF7A /* Extras.json in Resources */ = {isa = PBXBuildFile; fileRef = C04D10EF25AFC8C1003BEF7A /* Extras.json */; };
		C185E9DB63A649B09B0C005E /* OpenSans-SemiBoldItalic.ttf in Resources */ = {isa = PBXBuildFile; fileRef = 09679E4D9CAD4F83BA18473F /* OpenSans-SemiBoldItalic.ttf */; };
		C72F456C99A646399192517D /* libz.tbd in Frameworks */ = {isa = PBXBuildFile; fileRef = 98AED33BAB4247CEBEF8464D /* libz.tbd */; };
		D8CC7D300E4F44CBB0849967 /* OpenSans-Bold.ttf in Resources */ = {isa = PBXBuildFile; fileRef = 7F6CD7D3EDCC481486A0A459 /* OpenSans-Bold.ttf */; };
		E08425439FAA46D1804E1DEA /* OpenSans-SemiBold.ttf in Resources */ = {isa = PBXBuildFile; fileRef = 50C01F230C7949DA8CD5DC73 /* OpenSans-SemiBold.ttf */; };
		F198B5242873447B00008530 /* LaunchScreen.storyboard in Resources */ = {isa = PBXBuildFile; fileRef = F198B5232873447B00008530 /* LaunchScreen.storyboard */; };
/* End PBXBuildFile section */

/* Begin PBXFileReference section */
		009215AA8FF64348B2A73F5E /* RobotoMono-Regular.ttf */ = {isa = PBXFileReference; explicitFileType = undefined; fileEncoding = 9; includeInIndex = 0; lastKnownFileType = unknown; name = "RobotoMono-Regular.ttf"; path = "../cardstack/src/assets/fonts/RobotoMono-Regular.ttf"; sourceTree = "<group>"; };
		00E356F11AD99517003FC87E /* Info.plist */ = {isa = PBXFileReference; lastKnownFileType = text.plist.xml; path = Info.plist; sourceTree = "<group>"; };
		00E356F21AD99517003FC87E /* RainbowTests.m */ = {isa = PBXFileReference; lastKnownFileType = sourcecode.c.objc; path = RainbowTests.m; sourceTree = "<group>"; };
		066F62BA80B3495F978116BD /* Karbon-Thin.otf */ = {isa = PBXFileReference; explicitFileType = undefined; fileEncoding = 9; includeInIndex = 0; lastKnownFileType = unknown; name = "Karbon-Thin.otf"; path = "../cardstack/src/assets/fonts/Karbon-Thin.otf"; sourceTree = "<group>"; };
		07917270F7840DA516F244DA /* Pods-Rainbow.staging.xcconfig */ = {isa = PBXFileReference; includeInIndex = 1; lastKnownFileType = text.xcconfig; name = "Pods-Rainbow.staging.xcconfig"; path = "Target Support Files/Pods-Rainbow/Pods-Rainbow.staging.xcconfig"; sourceTree = "<group>"; };
		09679E4D9CAD4F83BA18473F /* OpenSans-SemiBoldItalic.ttf */ = {isa = PBXFileReference; explicitFileType = undefined; fileEncoding = 9; includeInIndex = 0; lastKnownFileType = unknown; name = "OpenSans-SemiBoldItalic.ttf"; path = "../cardstack/src/assets/fonts/OpenSans-SemiBoldItalic.ttf"; sourceTree = "<group>"; };
		13B07F961A680F5B00A75B9A /* Rainbow.app */ = {isa = PBXFileReference; explicitFileType = wrapper.application; includeInIndex = 0; path = Rainbow.app; sourceTree = BUILT_PRODUCTS_DIR; };
		13B07FAF1A68108700A75B9A /* AppDelegate.h */ = {isa = PBXFileReference; fileEncoding = 4; lastKnownFileType = sourcecode.c.h; name = AppDelegate.h; path = Rainbow/AppDelegate.h; sourceTree = "<group>"; };
		13B07FB01A68108700A75B9A /* AppDelegate.mm */ = {isa = PBXFileReference; fileEncoding = 4; lastKnownFileType = sourcecode.cpp.objcpp; name = AppDelegate.mm; path = Rainbow/AppDelegate.mm; sourceTree = "<group>"; };
		13B07FB51A68108700A75B9A /* Images.xcassets */ = {isa = PBXFileReference; lastKnownFileType = folder.assetcatalog; name = Images.xcassets; path = Rainbow/Images.xcassets; sourceTree = "<group>"; };
		13B07FB61A68108700A75B9A /* Info.plist */ = {isa = PBXFileReference; fileEncoding = 4; lastKnownFileType = text.plist.xml; name = Info.plist; path = Rainbow/Info.plist; sourceTree = "<group>"; };
		13B07FB71A68108700A75B9A /* main.m */ = {isa = PBXFileReference; fileEncoding = 4; lastKnownFileType = sourcecode.c.objc; name = main.m; path = Rainbow/main.m; sourceTree = "<group>"; };
		157155032418733F009B698B /* RainbowRelease.entitlements */ = {isa = PBXFileReference; lastKnownFileType = text.plist.entitlements; name = RainbowRelease.entitlements; path = Rainbow/RainbowRelease.entitlements; sourceTree = "<group>"; };
		157155042418734C009B698B /* RainbowDebug.entitlements */ = {isa = PBXFileReference; lastKnownFileType = text.plist.entitlements; name = RainbowDebug.entitlements; path = Rainbow/RainbowDebug.entitlements; sourceTree = "<group>"; };
		15E531D4242B28EF00797B89 /* UIImageViewWithPersistentAnimations.swift */ = {isa = PBXFileReference; lastKnownFileType = sourcecode.swift; path = UIImageViewWithPersistentAnimations.swift; sourceTree = "<group>"; };
		15E531D8242DAB7100797B89 /* NotificationManager.h */ = {isa = PBXFileReference; lastKnownFileType = sourcecode.c.h; path = NotificationManager.h; sourceTree = "<group>"; };
		15E531D9242DAB7100797B89 /* NotificationManager.m */ = {isa = PBXFileReference; lastKnownFileType = sourcecode.c.objc; path = NotificationManager.m; sourceTree = "<group>"; };
		1636A2E4BB014C94A7BF355F /* Roboto-Black.ttf */ = {isa = PBXFileReference; explicitFileType = undefined; fileEncoding = 9; includeInIndex = 0; lastKnownFileType = unknown; name = "Roboto-Black.ttf"; path = "../cardstack/src/assets/fonts/Roboto-Black.ttf"; sourceTree = "<group>"; };
		19EEBA1735DF8F1F9E4B0871 /* ExpoModulesProvider.swift */ = {isa = PBXFileReference; includeInIndex = 1; lastKnownFileType = sourcecode.swift; name = ExpoModulesProvider.swift; path = "Pods/Target Support Files/Pods-Rainbow/ExpoModulesProvider.swift"; sourceTree = "<group>"; };
		1B5CE90B1FF944D8BB8CD73E /* RobotoMono-Bold.ttf */ = {isa = PBXFileReference; explicitFileType = undefined; fileEncoding = 9; includeInIndex = 0; lastKnownFileType = unknown; name = "RobotoMono-Bold.ttf"; path = "../cardstack/src/assets/fonts/RobotoMono-Bold.ttf"; sourceTree = "<group>"; };
		1C57F319A21945DC9FDBFC91 /* KarbonSlabStencil-Regular.otf */ = {isa = PBXFileReference; explicitFileType = undefined; fileEncoding = 9; includeInIndex = 0; lastKnownFileType = unknown; name = "KarbonSlabStencil-Regular.otf"; path = "../cardstack/src/assets/fonts/KarbonSlabStencil-Regular.otf"; sourceTree = "<group>"; };
		200724F9D2D14895AFCB9C1B /* Roboto-LightItalic.ttf */ = {isa = PBXFileReference; explicitFileType = undefined; fileEncoding = 9; includeInIndex = 0; lastKnownFileType = unknown; name = "Roboto-LightItalic.ttf"; path = "../cardstack/src/assets/fonts/Roboto-LightItalic.ttf"; sourceTree = "<group>"; };
		21725A18577446E1B4997238 /* Karbon-MediumItalic.otf */ = {isa = PBXFileReference; explicitFileType = undefined; fileEncoding = 9; includeInIndex = 0; lastKnownFileType = unknown; name = "Karbon-MediumItalic.otf"; path = "../cardstack/src/assets/fonts/Karbon-MediumItalic.otf"; sourceTree = "<group>"; };
		24979E3620F84003007EB0DA /* Protobuf.framework */ = {isa = PBXFileReference; lastKnownFileType = wrapper.framework; name = Protobuf.framework; path = Frameworks/Protobuf.framework; sourceTree = "<group>"; };
		24979E7720F84004007EB0DA /* GoogleService-Info.plist */ = {isa = PBXFileReference; fileEncoding = 4; lastKnownFileType = text.plist.xml; name = "GoogleService-Info.plist"; path = "Frameworks/GoogleService-Info.plist"; sourceTree = "<group>"; };
		24979E7820F84004007EB0DA /* GoogleToolboxForMac.framework */ = {isa = PBXFileReference; lastKnownFileType = wrapper.framework; name = GoogleToolboxForMac.framework; path = Frameworks/GoogleToolboxForMac.framework; sourceTree = "<group>"; };
		24979E7E20F84005007EB0DA /* nanopb.framework */ = {isa = PBXFileReference; lastKnownFileType = wrapper.framework; name = nanopb.framework; path = Frameworks/nanopb.framework; sourceTree = "<group>"; };
		2570FCFB652A493787CB3CBD /* RobotoMono-ExtraLight.ttf */ = {isa = PBXFileReference; explicitFileType = undefined; fileEncoding = 9; includeInIndex = 0; lastKnownFileType = unknown; name = "RobotoMono-ExtraLight.ttf"; path = "../cardstack/src/assets/fonts/RobotoMono-ExtraLight.ttf"; sourceTree = "<group>"; };
		25C02488F53047498CA6CBCF /* Roboto-Thin.ttf */ = {isa = PBXFileReference; explicitFileType = undefined; fileEncoding = 9; includeInIndex = 0; lastKnownFileType = unknown; name = "Roboto-Thin.ttf"; path = "../cardstack/src/assets/fonts/Roboto-Thin.ttf"; sourceTree = "<group>"; };
		2709FA042F05445ABC082CBD /* Roboto-BlackItalic.ttf */ = {isa = PBXFileReference; explicitFileType = undefined; fileEncoding = 9; includeInIndex = 0; lastKnownFileType = unknown; name = "Roboto-BlackItalic.ttf"; path = "../cardstack/src/assets/fonts/Roboto-BlackItalic.ttf"; sourceTree = "<group>"; };
		28B0C6F8FA0F4632B1C5B8FD /* Karbon-Light.otf */ = {isa = PBXFileReference; explicitFileType = undefined; fileEncoding = 9; includeInIndex = 0; lastKnownFileType = unknown; name = "Karbon-Light.otf"; path = "../cardstack/src/assets/fonts/Karbon-Light.otf"; sourceTree = "<group>"; };
		2AC117C6CFE3429C8BE06AEC /* Karbon-BoldItalic.otf */ = {isa = PBXFileReference; explicitFileType = undefined; fileEncoding = 9; includeInIndex = 0; lastKnownFileType = unknown; name = "Karbon-BoldItalic.otf"; path = "../cardstack/src/assets/fonts/Karbon-BoldItalic.otf"; sourceTree = "<group>"; };
		3229569961164F299B5C7EAE /* Karbon-Bold 2.otf */ = {isa = PBXFileReference; explicitFileType = undefined; fileEncoding = 9; includeInIndex = 0; lastKnownFileType = unknown; name = "Karbon-Bold 2.otf"; path = "../cardstack/src/assets/fonts/Karbon-Bold 2.otf"; sourceTree = "<group>"; };
		33608FF0889740AD84C648DC /* RobotoMono-Thin.ttf */ = {isa = PBXFileReference; explicitFileType = undefined; fileEncoding = 9; includeInIndex = 0; lastKnownFileType = unknown; name = "RobotoMono-Thin.ttf"; path = "../cardstack/src/assets/fonts/RobotoMono-Thin.ttf"; sourceTree = "<group>"; };
		33F3EA3D6B054311BBF95674 /* RobotoMono-ExtraLightItalic.ttf */ = {isa = PBXFileReference; explicitFileType = undefined; fileEncoding = 9; includeInIndex = 0; lastKnownFileType = unknown; name = "RobotoMono-ExtraLightItalic.ttf"; path = "../cardstack/src/assets/fonts/RobotoMono-ExtraLightItalic.ttf"; sourceTree = "<group>"; };
		361BED8238264C8586D6FE03 /* OpenSans-BoldItalic.ttf */ = {isa = PBXFileReference; explicitFileType = undefined; fileEncoding = 9; includeInIndex = 0; lastKnownFileType = unknown; name = "OpenSans-BoldItalic.ttf"; path = "../cardstack/src/assets/fonts/OpenSans-BoldItalic.ttf"; sourceTree = "<group>"; };
		377B36F88EA44BC18FC6AE3F /* RobotoMono-LightItalic.ttf */ = {isa = PBXFileReference; explicitFileType = undefined; fileEncoding = 9; includeInIndex = 0; lastKnownFileType = unknown; name = "RobotoMono-LightItalic.ttf"; path = "../cardstack/src/assets/fonts/RobotoMono-LightItalic.ttf"; sourceTree = "<group>"; };
		3C379D5D20FD1F92009AF81F /* Rainbow.entitlements */ = {isa = PBXFileReference; lastKnownFileType = text.plist.entitlements; name = Rainbow.entitlements; path = Rainbow/Rainbow.entitlements; sourceTree = "<group>"; };
		3CBE29CB2381E43800BE05AC /* Rainbow-Bridging-Header.h */ = {isa = PBXFileReference; lastKnownFileType = sourcecode.c.h; path = "Rainbow-Bridging-Header.h"; sourceTree = "<group>"; };
		3D66612AA98046D893194DDE /* OpenSans-Regular.ttf */ = {isa = PBXFileReference; explicitFileType = undefined; fileEncoding = 9; includeInIndex = 0; lastKnownFileType = unknown; name = "OpenSans-Regular.ttf"; path = "../cardstack/src/assets/fonts/OpenSans-Regular.ttf"; sourceTree = "<group>"; };
		3DDF0DBF8DAB4FADA0FA7430 /* Zocial.ttf */ = {isa = PBXFileReference; explicitFileType = undefined; fileEncoding = 9; includeInIndex = 0; lastKnownFileType = unknown; name = Zocial.ttf; path = "../node_modules/react-native-vector-icons/Fonts/Zocial.ttf"; sourceTree = "<group>"; };
		46534D8099D04335A68233C0 /* Roboto-Regular.ttf */ = {isa = PBXFileReference; explicitFileType = undefined; fileEncoding = 9; includeInIndex = 0; lastKnownFileType = unknown; name = "Roboto-Regular.ttf"; path = "../cardstack/src/assets/fonts/Roboto-Regular.ttf"; sourceTree = "<group>"; };
		4B6AC983DAF4881C0B599D58 /* libPods-Rainbow.a */ = {isa = PBXFileReference; explicitFileType = archive.ar; includeInIndex = 0; path = "libPods-Rainbow.a"; sourceTree = BUILT_PRODUCTS_DIR; };
		4C99FFD6D9B445BAB60B548B /* FontAwesome5_Solid.ttf */ = {isa = PBXFileReference; explicitFileType = undefined; fileEncoding = 9; includeInIndex = 0; lastKnownFileType = unknown; name = FontAwesome5_Solid.ttf; path = "../node_modules/react-native-vector-icons/Fonts/FontAwesome5_Solid.ttf"; sourceTree = "<group>"; };
		50C01F230C7949DA8CD5DC73 /* OpenSans-SemiBold.ttf */ = {isa = PBXFileReference; explicitFileType = undefined; fileEncoding = 9; includeInIndex = 0; lastKnownFileType = unknown; name = "OpenSans-SemiBold.ttf"; path = "../cardstack/src/assets/fonts/OpenSans-SemiBold.ttf"; sourceTree = "<group>"; };
		50D59B99207546F98DDD1F52 /* SimpleLineIcons.ttf */ = {isa = PBXFileReference; explicitFileType = undefined; fileEncoding = 9; includeInIndex = 0; lastKnownFileType = unknown; name = SimpleLineIcons.ttf; path = "../node_modules/react-native-vector-icons/Fonts/SimpleLineIcons.ttf"; sourceTree = "<group>"; };
		654961CDF3744AEFBF763A92 /* Karbon-HairlineItalic.otf */ = {isa = PBXFileReference; explicitFileType = undefined; fileEncoding = 9; includeInIndex = 0; lastKnownFileType = unknown; name = "Karbon-HairlineItalic.otf"; path = "../cardstack/src/assets/fonts/Karbon-HairlineItalic.otf"; sourceTree = "<group>"; };
		6630540824A38A1900E5B030 /* RainbowText.m */ = {isa = PBXFileReference; lastKnownFileType = sourcecode.c.objc; path = RainbowText.m; sourceTree = "<group>"; };
		6635730524939991006ACFA6 /* SafeStoreReview.m */ = {isa = PBXFileReference; lastKnownFileType = sourcecode.c.objc; path = SafeStoreReview.m; sourceTree = "<group>"; };
		6655FFB325BB2B0700642961 /* ThemeModule.m */ = {isa = PBXFileReference; lastKnownFileType = sourcecode.c.objc; path = ThemeModule.m; sourceTree = "<group>"; };
		66635EA640D846739A1D91FD /* Karbon-Bold 4.otf */ = {isa = PBXFileReference; explicitFileType = undefined; fileEncoding = 9; includeInIndex = 0; lastKnownFileType = unknown; name = "Karbon-Bold 4.otf"; path = "../cardstack/src/assets/fonts/Karbon-Bold 4.otf"; sourceTree = "<group>"; };
		668A9E253DAF444A90ECB997 /* SFMono-Medium.otf */ = {isa = PBXFileReference; explicitFileType = undefined; fileEncoding = 9; includeInIndex = 0; lastKnownFileType = unknown; name = "SFMono-Medium.otf"; path = "../src/assets/fonts/SFMono-Medium.otf"; sourceTree = "<group>"; };
		668ADB2C25A4E3A40050859D /* Stickers.xcassets */ = {isa = PBXFileReference; lastKnownFileType = folder.assetcatalog; path = Stickers.xcassets; sourceTree = "<group>"; };
		668ADB2E25A4E3A40050859D /* Info.plist */ = {isa = PBXFileReference; lastKnownFileType = text.plist.xml; path = Info.plist; sourceTree = "<group>"; };
		66A28EAF24CAF1B500410A88 /* TestFlight.m */ = {isa = PBXFileReference; lastKnownFileType = sourcecode.c.objc; path = TestFlight.m; sourceTree = "<group>"; };
		67DA6C572CB04D0CAD69AAE8 /* OpenSans-ExtraBold.ttf */ = {isa = PBXFileReference; explicitFileType = undefined; fileEncoding = 9; includeInIndex = 0; lastKnownFileType = unknown; name = "OpenSans-ExtraBold.ttf"; path = "../cardstack/src/assets/fonts/OpenSans-ExtraBold.ttf"; sourceTree = "<group>"; };
		69B1922CA1E74860ACB64E9F /* RobotoMono-Light.ttf */ = {isa = PBXFileReference; explicitFileType = undefined; fileEncoding = 9; includeInIndex = 0; lastKnownFileType = unknown; name = "RobotoMono-Light.ttf"; path = "../cardstack/src/assets/fonts/RobotoMono-Light.ttf"; sourceTree = "<group>"; };
		69D76FA87B8C46D99C5BC6D1 /* Karbon-Light 2.otf */ = {isa = PBXFileReference; explicitFileType = undefined; fileEncoding = 9; includeInIndex = 0; lastKnownFileType = unknown; name = "Karbon-Light 2.otf"; path = "../cardstack/src/assets/fonts/Karbon-Light 2.otf"; sourceTree = "<group>"; };
		6A3B5E0F4CE84A57A47D4C9F /* Roboto-BoldItalic.ttf */ = {isa = PBXFileReference; explicitFileType = undefined; fileEncoding = 9; includeInIndex = 0; lastKnownFileType = unknown; name = "Roboto-BoldItalic.ttf"; path = "../cardstack/src/assets/fonts/Roboto-BoldItalic.ttf"; sourceTree = "<group>"; };
		6AF0E1269B254B038CB51E53 /* RobotoMono-BoldItalic.ttf */ = {isa = PBXFileReference; explicitFileType = undefined; fileEncoding = 9; includeInIndex = 0; lastKnownFileType = unknown; name = "RobotoMono-BoldItalic.ttf"; path = "../cardstack/src/assets/fonts/RobotoMono-BoldItalic.ttf"; sourceTree = "<group>"; };
		6E822716DEEC4A55BD74BD9E /* RobotoMono-Medium.ttf */ = {isa = PBXFileReference; explicitFileType = undefined; fileEncoding = 9; includeInIndex = 0; lastKnownFileType = unknown; name = "RobotoMono-Medium.ttf"; path = "../cardstack/src/assets/fonts/RobotoMono-Medium.ttf"; sourceTree = "<group>"; };
		7728E78C9E914A4699B1CE65 /* MaterialCommunityIcons.ttf */ = {isa = PBXFileReference; explicitFileType = undefined; fileEncoding = 9; includeInIndex = 0; lastKnownFileType = unknown; name = MaterialCommunityIcons.ttf; path = "../node_modules/react-native-vector-icons/Fonts/MaterialCommunityIcons.ttf"; sourceTree = "<group>"; };
		782EDD99F9B749FCBC6E32B1 /* Karbon-SemiboldItalic.otf */ = {isa = PBXFileReference; explicitFileType = undefined; fileEncoding = 9; includeInIndex = 0; lastKnownFileType = unknown; name = "Karbon-SemiboldItalic.otf"; path = "../cardstack/src/assets/fonts/Karbon-SemiboldItalic.otf"; sourceTree = "<group>"; };
		79DA932A83F24DE8834D0D29 /* RobotoMono-SemiBoldItalic.ttf */ = {isa = PBXFileReference; explicitFileType = undefined; fileEncoding = 9; includeInIndex = 0; lastKnownFileType = unknown; name = "RobotoMono-SemiBoldItalic.ttf"; path = "../cardstack/src/assets/fonts/RobotoMono-SemiBoldItalic.ttf"; sourceTree = "<group>"; };
		7A03E7699E0F07FBDAB2C4FE /* Pods-Rainbow.release.xcconfig */ = {isa = PBXFileReference; includeInIndex = 1; lastKnownFileType = text.xcconfig; name = "Pods-Rainbow.release.xcconfig"; path = "Target Support Files/Pods-Rainbow/Pods-Rainbow.release.xcconfig"; sourceTree = "<group>"; };
		7B10B916869C408DBDA026DA /* Fontisto.ttf */ = {isa = PBXFileReference; explicitFileType = undefined; fileEncoding = 9; includeInIndex = 0; lastKnownFileType = unknown; name = Fontisto.ttf; path = "../node_modules/react-native-vector-icons/Fonts/Fontisto.ttf"; sourceTree = "<group>"; };
		7B5AA0CC94474E5C961A2B62 /* OpenSans-LightItalic.ttf */ = {isa = PBXFileReference; explicitFileType = undefined; fileEncoding = 9; includeInIndex = 0; lastKnownFileType = unknown; name = "OpenSans-LightItalic.ttf"; path = "../cardstack/src/assets/fonts/OpenSans-LightItalic.ttf"; sourceTree = "<group>"; };
		7F6CD7D3EDCC481486A0A459 /* OpenSans-Bold.ttf */ = {isa = PBXFileReference; explicitFileType = undefined; fileEncoding = 9; includeInIndex = 0; lastKnownFileType = unknown; name = "OpenSans-Bold.ttf"; path = "../cardstack/src/assets/fonts/OpenSans-Bold.ttf"; sourceTree = "<group>"; };
		81604EACAB58462581F48643 /* Ionicons.ttf */ = {isa = PBXFileReference; explicitFileType = undefined; fileEncoding = 9; includeInIndex = 0; lastKnownFileType = unknown; name = Ionicons.ttf; path = "../node_modules/react-native-vector-icons/Fonts/Ionicons.ttf"; sourceTree = "<group>"; };
		81FCB6296794416AA8739CE2 /* AntDesign.ttf */ = {isa = PBXFileReference; explicitFileType = undefined; fileEncoding = 9; includeInIndex = 0; lastKnownFileType = unknown; name = AntDesign.ttf; path = "../node_modules/react-native-vector-icons/Fonts/AntDesign.ttf"; sourceTree = "<group>"; };
		82E69B4F005C40CBB714A0F3 /* Karbon-LightItalic.otf */ = {isa = PBXFileReference; explicitFileType = undefined; fileEncoding = 9; includeInIndex = 0; lastKnownFileType = unknown; name = "Karbon-LightItalic.otf"; path = "../cardstack/src/assets/fonts/Karbon-LightItalic.otf"; sourceTree = "<group>"; };
		851320E36FC9440292F0003B /* Roboto-MediumItalic.ttf */ = {isa = PBXFileReference; explicitFileType = undefined; fileEncoding = 9; includeInIndex = 0; lastKnownFileType = unknown; name = "Roboto-MediumItalic.ttf"; path = "../cardstack/src/assets/fonts/Roboto-MediumItalic.ttf"; sourceTree = "<group>"; };
		86C550D0394940909026C612 /* Karbon-Medium 2.otf */ = {isa = PBXFileReference; explicitFileType = undefined; fileEncoding = 9; includeInIndex = 0; lastKnownFileType = unknown; name = "Karbon-Medium 2.otf"; path = "../cardstack/src/assets/fonts/Karbon-Medium 2.otf"; sourceTree = "<group>"; };
		875249FC1319430FA49666EA /* Karbon-Bold.otf */ = {isa = PBXFileReference; explicitFileType = undefined; fileEncoding = 9; includeInIndex = 0; lastKnownFileType = unknown; name = "Karbon-Bold.otf"; path = "../cardstack/src/assets/fonts/Karbon-Bold.otf"; sourceTree = "<group>"; };
		9058985CB724444CB23BCE60 /* OpenSans-ExtraBoldItalic.ttf */ = {isa = PBXFileReference; explicitFileType = undefined; fileEncoding = 9; includeInIndex = 0; lastKnownFileType = unknown; name = "OpenSans-ExtraBoldItalic.ttf"; path = "../cardstack/src/assets/fonts/OpenSans-ExtraBoldItalic.ttf"; sourceTree = "<group>"; };
		95F2888C850F40C8A26E083B /* SFMono-Regular.otf */ = {isa = PBXFileReference; explicitFileType = undefined; fileEncoding = 9; includeInIndex = 0; lastKnownFileType = unknown; name = "SFMono-Regular.otf"; path = "../src/assets/fonts/SFMono-Regular.otf"; sourceTree = "<group>"; };
		98AED33BAB4247CEBEF8464D /* libz.tbd */ = {isa = PBXFileReference; explicitFileType = undefined; fileEncoding = 9; includeInIndex = 0; lastKnownFileType = "sourcecode.text-based-dylib-definition"; name = libz.tbd; path = usr/lib/libz.tbd; sourceTree = SDKROOT; };
		A29DF52467464FFBA1E9F347 /* RobotoMono-ThinItalic.ttf */ = {isa = PBXFileReference; explicitFileType = undefined; fileEncoding = 9; includeInIndex = 0; lastKnownFileType = unknown; name = "RobotoMono-ThinItalic.ttf"; path = "../cardstack/src/assets/fonts/RobotoMono-ThinItalic.ttf"; sourceTree = "<group>"; };
		A4277D9E23CBD1910042BAF4 /* Extensions.swift */ = {isa = PBXFileReference; lastKnownFileType = sourcecode.swift; path = Extensions.swift; sourceTree = "<group>"; };
		A4277DA223CFE85F0042BAF4 /* Theme.swift */ = {isa = PBXFileReference; lastKnownFileType = sourcecode.swift; path = Theme.swift; sourceTree = "<group>"; };
		A4D04BA823D12F99008C1DEC /* Button.swift */ = {isa = PBXFileReference; lastKnownFileType = sourcecode.swift; path = Button.swift; sourceTree = "<group>"; };
		A4D04BAB23D12FD5008C1DEC /* ButtonManager.m */ = {isa = PBXFileReference; lastKnownFileType = sourcecode.c.objc; path = ButtonManager.m; sourceTree = "<group>"; };
		A941015D5E754AED874CE796 /* Roboto-Medium.ttf */ = {isa = PBXFileReference; explicitFileType = undefined; fileEncoding = 9; includeInIndex = 0; lastKnownFileType = unknown; name = "Roboto-Medium.ttf"; path = "../cardstack/src/assets/fonts/Roboto-Medium.ttf"; sourceTree = "<group>"; };
		A97A03AB2D214C00A5EB879A /* MaterialIcons.ttf */ = {isa = PBXFileReference; explicitFileType = undefined; fileEncoding = 9; includeInIndex = 0; lastKnownFileType = unknown; name = MaterialIcons.ttf; path = "../node_modules/react-native-vector-icons/Fonts/MaterialIcons.ttf"; sourceTree = "<group>"; };
		A97DFBEFCE8D4103A33F3C59 /* KarbonSlabStencil-Bold.otf */ = {isa = PBXFileReference; explicitFileType = undefined; fileEncoding = 9; includeInIndex = 0; lastKnownFileType = unknown; name = "KarbonSlabStencil-Bold.otf"; path = "../cardstack/src/assets/fonts/KarbonSlabStencil-Bold.otf"; sourceTree = "<group>"; };
		AA6228EA24272B200078BDAA /* SF-Pro-Rounded-Semibold.otf */ = {isa = PBXFileReference; lastKnownFileType = file; name = "SF-Pro-Rounded-Semibold.otf"; path = "../src/assets/fonts/SF-Pro-Rounded-Semibold.otf"; sourceTree = "<group>"; };
		AA6228EB24272B200078BDAA /* SF-Pro-Rounded-Bold.otf */ = {isa = PBXFileReference; lastKnownFileType = file; name = "SF-Pro-Rounded-Bold.otf"; path = "../src/assets/fonts/SF-Pro-Rounded-Bold.otf"; sourceTree = "<group>"; };
		AA6228EC24272B200078BDAA /* SF-Pro-Rounded-Heavy.otf */ = {isa = PBXFileReference; lastKnownFileType = file; name = "SF-Pro-Rounded-Heavy.otf"; path = "../src/assets/fonts/SF-Pro-Rounded-Heavy.otf"; sourceTree = "<group>"; };
		AA6228ED24272B200078BDAA /* SF-Pro-Rounded-Medium.otf */ = {isa = PBXFileReference; lastKnownFileType = file; name = "SF-Pro-Rounded-Medium.otf"; path = "../src/assets/fonts/SF-Pro-Rounded-Medium.otf"; sourceTree = "<group>"; };
		AA6228EE24272B200078BDAA /* SF-Pro-Rounded-Regular.otf */ = {isa = PBXFileReference; lastKnownFileType = file; name = "SF-Pro-Rounded-Regular.otf"; path = "../src/assets/fonts/SF-Pro-Rounded-Regular.otf"; sourceTree = "<group>"; };
		AB3CAEE7545B4F699155D97F /* Entypo.ttf */ = {isa = PBXFileReference; explicitFileType = undefined; fileEncoding = 9; includeInIndex = 0; lastKnownFileType = unknown; name = Entypo.ttf; path = "../node_modules/react-native-vector-icons/Fonts/Entypo.ttf"; sourceTree = "<group>"; };
		AB67A9F755734811B1F605B4 /* Octicons.ttf */ = {isa = PBXFileReference; explicitFileType = undefined; fileEncoding = 9; includeInIndex = 0; lastKnownFileType = unknown; name = Octicons.ttf; path = "../node_modules/react-native-vector-icons/Fonts/Octicons.ttf"; sourceTree = "<group>"; };
		AEFC62E4083249A99DC47ACD /* FontAwesome5_Brands.ttf */ = {isa = PBXFileReference; explicitFileType = undefined; fileEncoding = 9; includeInIndex = 0; lastKnownFileType = unknown; name = FontAwesome5_Brands.ttf; path = "../node_modules/react-native-vector-icons/Fonts/FontAwesome5_Brands.ttf"; sourceTree = "<group>"; };
		AFCCE47076574A21A665E8EC /* EvilIcons.ttf */ = {isa = PBXFileReference; explicitFileType = undefined; fileEncoding = 9; includeInIndex = 0; lastKnownFileType = unknown; name = EvilIcons.ttf; path = "../node_modules/react-native-vector-icons/Fonts/EvilIcons.ttf"; sourceTree = "<group>"; };
		B33CD7B7E3AA495F8D34DE8D /* FontAwesome.ttf */ = {isa = PBXFileReference; explicitFileType = undefined; fileEncoding = 9; includeInIndex = 0; lastKnownFileType = unknown; name = FontAwesome.ttf; path = "../node_modules/react-native-vector-icons/Fonts/FontAwesome.ttf"; sourceTree = "<group>"; };
		B38929B7A1C5A8920DB5E000 /* Pods-Rainbow.localrelease.xcconfig */ = {isa = PBXFileReference; includeInIndex = 1; lastKnownFileType = text.xcconfig; name = "Pods-Rainbow.localrelease.xcconfig"; path = "Target Support Files/Pods-Rainbow/Pods-Rainbow.localrelease.xcconfig"; sourceTree = "<group>"; };
		BAF66A33ED2E4E73A01A7EA1 /* RobotoMono-MediumItalic.ttf */ = {isa = PBXFileReference; explicitFileType = undefined; fileEncoding = 9; includeInIndex = 0; lastKnownFileType = unknown; name = "RobotoMono-MediumItalic.ttf"; path = "../cardstack/src/assets/fonts/RobotoMono-MediumItalic.ttf"; sourceTree = "<group>"; };
		BBE49FEE61314BB19412207D /* Karbon-Regular.otf */ = {isa = PBXFileReference; explicitFileType = undefined; fileEncoding = 9; includeInIndex = 0; lastKnownFileType = unknown; name = "Karbon-Regular.otf"; path = "../cardstack/src/assets/fonts/Karbon-Regular.otf"; sourceTree = "<group>"; };
		BC680628EF2A4CD18F0FD471 /* OpenSans-Light.ttf */ = {isa = PBXFileReference; explicitFileType = undefined; fileEncoding = 9; includeInIndex = 0; lastKnownFileType = unknown; name = "OpenSans-Light.ttf"; path = "../cardstack/src/assets/fonts/OpenSans-Light.ttf"; sourceTree = "<group>"; };
		BD742E7C5F2041929BEF8CC7 /* Karbon-Regular 5.otf */ = {isa = PBXFileReference; explicitFileType = undefined; fileEncoding = 9; includeInIndex = 0; lastKnownFileType = unknown; name = "Karbon-Regular 5.otf"; path = "../cardstack/src/assets/fonts/Karbon-Regular 5.otf"; sourceTree = "<group>"; };
		BF18560DA99F4DB584054092 /* Karbon-Hairline.otf */ = {isa = PBXFileReference; explicitFileType = undefined; fileEncoding = 9; includeInIndex = 0; lastKnownFileType = unknown; name = "Karbon-Hairline.otf"; path = "../cardstack/src/assets/fonts/Karbon-Hairline.otf"; sourceTree = "<group>"; };
		C04D10EF25AFC8C1003BEF7A /* Extras.json */ = {isa = PBXFileReference; lastKnownFileType = text.json; path = Extras.json; sourceTree = "<group>"; };
		C3D1B6FE09774107AB3B067E /* Roboto-Bold.ttf */ = {isa = PBXFileReference; explicitFileType = undefined; fileEncoding = 9; includeInIndex = 0; lastKnownFileType = unknown; name = "Roboto-Bold.ttf"; path = "../cardstack/src/assets/fonts/Roboto-Bold.ttf"; sourceTree = "<group>"; };
		C4751C49DC5D43F4A72FA7C4 /* Karbon-Regular 3.otf */ = {isa = PBXFileReference; explicitFileType = undefined; fileEncoding = 9; includeInIndex = 0; lastKnownFileType = unknown; name = "Karbon-Regular 3.otf"; path = "../cardstack/src/assets/fonts/Karbon-Regular 3.otf"; sourceTree = "<group>"; };
		C771B5C4107C418D981341FE /* OpenSans-Italic.ttf */ = {isa = PBXFileReference; explicitFileType = undefined; fileEncoding = 9; includeInIndex = 0; lastKnownFileType = unknown; name = "OpenSans-Italic.ttf"; path = "../cardstack/src/assets/fonts/OpenSans-Italic.ttf"; sourceTree = "<group>"; };
		C83D0ED19CA844CBB0665E1D /* Foundation.ttf */ = {isa = PBXFileReference; explicitFileType = undefined; fileEncoding = 9; includeInIndex = 0; lastKnownFileType = unknown; name = Foundation.ttf; path = "../node_modules/react-native-vector-icons/Fonts/Foundation.ttf"; sourceTree = "<group>"; };
		CCC94EE55A674CBBBEE86417 /* Karbon-Regular 4.otf */ = {isa = PBXFileReference; explicitFileType = undefined; fileEncoding = 9; includeInIndex = 0; lastKnownFileType = unknown; name = "Karbon-Regular 4.otf"; path = "../cardstack/src/assets/fonts/Karbon-Regular 4.otf"; sourceTree = "<group>"; };
		D05F6AE363E54E9588AA2AA0 /* Karbon-ThinItalic.otf */ = {isa = PBXFileReference; explicitFileType = undefined; fileEncoding = 9; includeInIndex = 0; lastKnownFileType = unknown; name = "Karbon-ThinItalic.otf"; path = "../cardstack/src/assets/fonts/Karbon-ThinItalic.otf"; sourceTree = "<group>"; };
		D6C9AB8BDCED4AA3B6F2307A /* Karbon-Bold 3.otf */ = {isa = PBXFileReference; explicitFileType = undefined; fileEncoding = 9; includeInIndex = 0; lastKnownFileType = unknown; name = "Karbon-Bold 3.otf"; path = "../cardstack/src/assets/fonts/Karbon-Bold 3.otf"; sourceTree = "<group>"; };
		D8448A19D5AF4C0DB31375DC /* Karbon-Medium.otf */ = {isa = PBXFileReference; explicitFileType = undefined; fileEncoding = 9; includeInIndex = 0; lastKnownFileType = unknown; name = "Karbon-Medium.otf"; path = "../cardstack/src/assets/fonts/Karbon-Medium.otf"; sourceTree = "<group>"; };
		D8EE3CB9036F4543998A7282 /* Feather.ttf */ = {isa = PBXFileReference; explicitFileType = undefined; fileEncoding = 9; includeInIndex = 0; lastKnownFileType = unknown; name = Feather.ttf; path = "../node_modules/react-native-vector-icons/Fonts/Feather.ttf"; sourceTree = "<group>"; };
		DF1E79467D474B3E8E8AD0DF /* Roboto-Italic.ttf */ = {isa = PBXFileReference; explicitFileType = undefined; fileEncoding = 9; includeInIndex = 0; lastKnownFileType = unknown; name = "Roboto-Italic.ttf"; path = "../cardstack/src/assets/fonts/Roboto-Italic.ttf"; sourceTree = "<group>"; };
		E4F82C5D139E4939B95ED76B /* RobotoMono-SemiBold.ttf */ = {isa = PBXFileReference; explicitFileType = undefined; fileEncoding = 9; includeInIndex = 0; lastKnownFileType = unknown; name = "RobotoMono-SemiBold.ttf"; path = "../cardstack/src/assets/fonts/RobotoMono-SemiBold.ttf"; sourceTree = "<group>"; };
		E843CB7D246E4902B613D717 /* Karbon-RegularItalic.otf */ = {isa = PBXFileReference; explicitFileType = undefined; fileEncoding = 9; includeInIndex = 0; lastKnownFileType = unknown; name = "Karbon-RegularItalic.otf"; path = "../cardstack/src/assets/fonts/Karbon-RegularItalic.otf"; sourceTree = "<group>"; };
		E8BEED7E48F54FC781D67548 /* Karbon-Semibold 2.otf */ = {isa = PBXFileReference; explicitFileType = undefined; fileEncoding = 9; includeInIndex = 0; lastKnownFileType = unknown; name = "Karbon-Semibold 2.otf"; path = "../cardstack/src/assets/fonts/Karbon-Semibold 2.otf"; sourceTree = "<group>"; };
		E94665EF41D34F1C81B39B3C /* Karbon-Semibold.otf */ = {isa = PBXFileReference; explicitFileType = undefined; fileEncoding = 9; includeInIndex = 0; lastKnownFileType = unknown; name = "Karbon-Semibold.otf"; path = "../cardstack/src/assets/fonts/Karbon-Semibold.otf"; sourceTree = "<group>"; };
		EBF5570607AA46F782096602 /* Roboto-Light.ttf */ = {isa = PBXFileReference; explicitFileType = undefined; fileEncoding = 9; includeInIndex = 0; lastKnownFileType = unknown; name = "Roboto-Light.ttf"; path = "../cardstack/src/assets/fonts/Roboto-Light.ttf"; sourceTree = "<group>"; };
		ED297162215061F000B7C4FE /* JavaScriptCore.framework */ = {isa = PBXFileReference; lastKnownFileType = wrapper.framework; name = JavaScriptCore.framework; path = System/Library/Frameworks/JavaScriptCore.framework; sourceTree = SDKROOT; };
		EEB96DEC8E3B406C81F3D687 /* RobotoMono-Italic.ttf */ = {isa = PBXFileReference; explicitFileType = undefined; fileEncoding = 9; includeInIndex = 0; lastKnownFileType = unknown; name = "RobotoMono-Italic.ttf"; path = "../cardstack/src/assets/fonts/RobotoMono-Italic.ttf"; sourceTree = "<group>"; };
		F198B5232873447B00008530 /* LaunchScreen.storyboard */ = {isa = PBXFileReference; lastKnownFileType = file.storyboard; path = LaunchScreen.storyboard; sourceTree = "<group>"; };
		F49BB56FB93E44ADA35A03E0 /* Karbon-Regular 2.otf */ = {isa = PBXFileReference; explicitFileType = undefined; fileEncoding = 9; includeInIndex = 0; lastKnownFileType = unknown; name = "Karbon-Regular 2.otf"; path = "../cardstack/src/assets/fonts/Karbon-Regular 2.otf"; sourceTree = "<group>"; };
		F6675BC8DA824182B0621DCE /* FontAwesome5_Regular.ttf */ = {isa = PBXFileReference; explicitFileType = undefined; fileEncoding = 9; includeInIndex = 0; lastKnownFileType = unknown; name = FontAwesome5_Regular.ttf; path = "../node_modules/react-native-vector-icons/Fonts/FontAwesome5_Regular.ttf"; sourceTree = "<group>"; };
		FA974DDEFF957851FFA4CECC /* Pods-Rainbow.debug.xcconfig */ = {isa = PBXFileReference; includeInIndex = 1; lastKnownFileType = text.xcconfig; name = "Pods-Rainbow.debug.xcconfig"; path = "Target Support Files/Pods-Rainbow/Pods-Rainbow.debug.xcconfig"; sourceTree = "<group>"; };
		FD7A7D2583F9495698AD88C5 /* Roboto-ThinItalic.ttf */ = {isa = PBXFileReference; explicitFileType = undefined; fileEncoding = 9; includeInIndex = 0; lastKnownFileType = unknown; name = "Roboto-ThinItalic.ttf"; path = "../cardstack/src/assets/fonts/Roboto-ThinItalic.ttf"; sourceTree = "<group>"; };
/* End PBXFileReference section */

/* Begin PBXFrameworksBuildPhase section */
		13B07F8C1A680F5B00A75B9A /* Frameworks */ = {
			isa = PBXFrameworksBuildPhase;
			buildActionMask = 2147483647;
			files = (
				C72F456C99A646399192517D /* libz.tbd in Frameworks */,
				9B05FBFFF18BFF7F55A2BF48 /* libPods-Rainbow.a in Frameworks */,
			);
			runOnlyForDeploymentPostprocessing = 0;
		};
/* End PBXFrameworksBuildPhase section */

/* Begin PBXGroup section */
		00E356EF1AD99517003FC87E /* RainbowTests */ = {
			isa = PBXGroup;
			children = (
				00E356F21AD99517003FC87E /* RainbowTests.m */,
				00E356F01AD99517003FC87E /* Supporting Files */,
			);
			path = RainbowTests;
			sourceTree = "<group>";
		};
		00E356F01AD99517003FC87E /* Supporting Files */ = {
			isa = PBXGroup;
			children = (
				00E356F11AD99517003FC87E /* Info.plist */,
			);
			name = "Supporting Files";
			sourceTree = "<group>";
		};
		13B07FAE1A68108700A75B9A /* Rainbow */ = {
			isa = PBXGroup;
			children = (
				15E531D7242DAB3500797B89 /* NSNotifications */,
				15E531D6242B28F800797B89 /* Animations */,
				157155042418734C009B698B /* RainbowDebug.entitlements */,
				157155032418733F009B698B /* RainbowRelease.entitlements */,
				A4D04BA723D12F27008C1DEC /* Button */,
				3C379D5D20FD1F92009AF81F /* Rainbow.entitlements */,
				13B07FAF1A68108700A75B9A /* AppDelegate.h */,
				13B07FB01A68108700A75B9A /* AppDelegate.mm */,
				13B07FB51A68108700A75B9A /* Images.xcassets */,
				13B07FB61A68108700A75B9A /* Info.plist */,
				13B07FB71A68108700A75B9A /* main.m */,
				3CBE29CB2381E43800BE05AC /* Rainbow-Bridging-Header.h */,
				A4277D9E23CBD1910042BAF4 /* Extensions.swift */,
				F198B5232873447B00008530 /* LaunchScreen.storyboard */,
				A4277DA223CFE85F0042BAF4 /* Theme.swift */,
				6635730524939991006ACFA6 /* SafeStoreReview.m */,
				66A28EAF24CAF1B500410A88 /* TestFlight.m */,
				C04D10EF25AFC8C1003BEF7A /* Extras.json */,
				6655FFB325BB2B0700642961 /* ThemeModule.m */,
			);
			name = Rainbow;
			sourceTree = "<group>";
		};
		15E531D6242B28F800797B89 /* Animations */ = {
			isa = PBXGroup;
			children = (
				15E531D4242B28EF00797B89 /* UIImageViewWithPersistentAnimations.swift */,
				6630540824A38A1900E5B030 /* RainbowText.m */,
			);
			name = Animations;
			sourceTree = "<group>";
		};
		15E531D7242DAB3500797B89 /* NSNotifications */ = {
			isa = PBXGroup;
			children = (
				15E531D8242DAB7100797B89 /* NotificationManager.h */,
				15E531D9242DAB7100797B89 /* NotificationManager.m */,
			);
			name = NSNotifications;
			sourceTree = "<group>";
		};
		231B1A3D5CEA1A7277E90641 /* ExpoModulesProviders */ = {
			isa = PBXGroup;
			children = (
				94A0983A8625670724A908DF /* Rainbow */,
			);
			name = ExpoModulesProviders;
			sourceTree = "<group>";
		};
		2D16E6871FA4F8E400B85C8A /* Frameworks */ = {
			isa = PBXGroup;
			children = (
				ED297162215061F000B7C4FE /* JavaScriptCore.framework */,
				24979E7720F84004007EB0DA /* GoogleService-Info.plist */,
				24979E7820F84004007EB0DA /* GoogleToolboxForMac.framework */,
				24979E7E20F84005007EB0DA /* nanopb.framework */,
				24979E3620F84003007EB0DA /* Protobuf.framework */,
				98AED33BAB4247CEBEF8464D /* libz.tbd */,
				4B6AC983DAF4881C0B599D58 /* libPods-Rainbow.a */,
			);
			name = Frameworks;
			sourceTree = "<group>";
		};
		668ADB2B25A4E3A20050859D /* Rainbow Stickers */ = {
			isa = PBXGroup;
			children = (
				668ADB2C25A4E3A40050859D /* Stickers.xcassets */,
				668ADB2E25A4E3A40050859D /* Info.plist */,
			);
			path = "Rainbow Stickers";
			sourceTree = "<group>";
		};
		832341AE1AAA6A7D00B99B32 /* Libraries */ = {
			isa = PBXGroup;
			children = (
			);
			name = Libraries;
			sourceTree = "<group>";
		};
		83CBB9F61A601CBA00E9B192 = {
			isa = PBXGroup;
			children = (
				13B07FAE1A68108700A75B9A /* Rainbow */,
				832341AE1AAA6A7D00B99B32 /* Libraries */,
				00E356EF1AD99517003FC87E /* RainbowTests */,
				668ADB2B25A4E3A20050859D /* Rainbow Stickers */,
				83CBBA001A601CBA00E9B192 /* Products */,
				2D16E6871FA4F8E400B85C8A /* Frameworks */,
				DCAC1D8CC45E468FBB7E1395 /* Resources */,
				F1DE2B999CBEC82BE64A3739 /* Pods */,
				231B1A3D5CEA1A7277E90641 /* ExpoModulesProviders */,
			);
			indentWidth = 2;
			sourceTree = "<group>";
			tabWidth = 2;
			usesTabs = 0;
		};
		83CBBA001A601CBA00E9B192 /* Products */ = {
			isa = PBXGroup;
			children = (
				13B07F961A680F5B00A75B9A /* Rainbow.app */,
			);
			name = Products;
			sourceTree = "<group>";
		};
		94A0983A8625670724A908DF /* Rainbow */ = {
			isa = PBXGroup;
			children = (
				19EEBA1735DF8F1F9E4B0871 /* ExpoModulesProvider.swift */,
			);
			name = Rainbow;
			sourceTree = "<group>";
		};
		A4D04BA723D12F27008C1DEC /* Button */ = {
			isa = PBXGroup;
			children = (
				A4D04BA823D12F99008C1DEC /* Button.swift */,
				A4D04BAB23D12FD5008C1DEC /* ButtonManager.m */,
			);
			name = Button;
			sourceTree = "<group>";
		};
		DCAC1D8CC45E468FBB7E1395 /* Resources */ = {
			isa = PBXGroup;
			children = (
				668A9E253DAF444A90ECB997 /* SFMono-Medium.otf */,
				95F2888C850F40C8A26E083B /* SFMono-Regular.otf */,
				AA6228EB24272B200078BDAA /* SF-Pro-Rounded-Bold.otf */,
				AA6228EC24272B200078BDAA /* SF-Pro-Rounded-Heavy.otf */,
				AA6228ED24272B200078BDAA /* SF-Pro-Rounded-Medium.otf */,
				AA6228EE24272B200078BDAA /* SF-Pro-Rounded-Regular.otf */,
				AA6228EA24272B200078BDAA /* SF-Pro-Rounded-Semibold.otf */,
				7F6CD7D3EDCC481486A0A459 /* OpenSans-Bold.ttf */,
				361BED8238264C8586D6FE03 /* OpenSans-BoldItalic.ttf */,
				67DA6C572CB04D0CAD69AAE8 /* OpenSans-ExtraBold.ttf */,
				9058985CB724444CB23BCE60 /* OpenSans-ExtraBoldItalic.ttf */,
				C771B5C4107C418D981341FE /* OpenSans-Italic.ttf */,
				BC680628EF2A4CD18F0FD471 /* OpenSans-Light.ttf */,
				7B5AA0CC94474E5C961A2B62 /* OpenSans-LightItalic.ttf */,
				3D66612AA98046D893194DDE /* OpenSans-Regular.ttf */,
				50C01F230C7949DA8CD5DC73 /* OpenSans-SemiBold.ttf */,
				09679E4D9CAD4F83BA18473F /* OpenSans-SemiBoldItalic.ttf */,
				1636A2E4BB014C94A7BF355F /* Roboto-Black.ttf */,
				2709FA042F05445ABC082CBD /* Roboto-BlackItalic.ttf */,
				C3D1B6FE09774107AB3B067E /* Roboto-Bold.ttf */,
				6A3B5E0F4CE84A57A47D4C9F /* Roboto-BoldItalic.ttf */,
				DF1E79467D474B3E8E8AD0DF /* Roboto-Italic.ttf */,
				EBF5570607AA46F782096602 /* Roboto-Light.ttf */,
				200724F9D2D14895AFCB9C1B /* Roboto-LightItalic.ttf */,
				A941015D5E754AED874CE796 /* Roboto-Medium.ttf */,
				851320E36FC9440292F0003B /* Roboto-MediumItalic.ttf */,
				46534D8099D04335A68233C0 /* Roboto-Regular.ttf */,
				25C02488F53047498CA6CBCF /* Roboto-Thin.ttf */,
				FD7A7D2583F9495698AD88C5 /* Roboto-ThinItalic.ttf */,
				81FCB6296794416AA8739CE2 /* AntDesign.ttf */,
				AB3CAEE7545B4F699155D97F /* Entypo.ttf */,
				AFCCE47076574A21A665E8EC /* EvilIcons.ttf */,
				D8EE3CB9036F4543998A7282 /* Feather.ttf */,
				B33CD7B7E3AA495F8D34DE8D /* FontAwesome.ttf */,
				AEFC62E4083249A99DC47ACD /* FontAwesome5_Brands.ttf */,
				F6675BC8DA824182B0621DCE /* FontAwesome5_Regular.ttf */,
				4C99FFD6D9B445BAB60B548B /* FontAwesome5_Solid.ttf */,
				7B10B916869C408DBDA026DA /* Fontisto.ttf */,
				C83D0ED19CA844CBB0665E1D /* Foundation.ttf */,
				81604EACAB58462581F48643 /* Ionicons.ttf */,
				7728E78C9E914A4699B1CE65 /* MaterialCommunityIcons.ttf */,
				A97A03AB2D214C00A5EB879A /* MaterialIcons.ttf */,
				AB67A9F755734811B1F605B4 /* Octicons.ttf */,
				50D59B99207546F98DDD1F52 /* SimpleLineIcons.ttf */,
				3DDF0DBF8DAB4FADA0FA7430 /* Zocial.ttf */,
				1B5CE90B1FF944D8BB8CD73E /* RobotoMono-Bold.ttf */,
				6AF0E1269B254B038CB51E53 /* RobotoMono-BoldItalic.ttf */,
				2570FCFB652A493787CB3CBD /* RobotoMono-ExtraLight.ttf */,
				33F3EA3D6B054311BBF95674 /* RobotoMono-ExtraLightItalic.ttf */,
				EEB96DEC8E3B406C81F3D687 /* RobotoMono-Italic.ttf */,
				69B1922CA1E74860ACB64E9F /* RobotoMono-Light.ttf */,
				377B36F88EA44BC18FC6AE3F /* RobotoMono-LightItalic.ttf */,
				6E822716DEEC4A55BD74BD9E /* RobotoMono-Medium.ttf */,
				BAF66A33ED2E4E73A01A7EA1 /* RobotoMono-MediumItalic.ttf */,
				009215AA8FF64348B2A73F5E /* RobotoMono-Regular.ttf */,
				E4F82C5D139E4939B95ED76B /* RobotoMono-SemiBold.ttf */,
				79DA932A83F24DE8834D0D29 /* RobotoMono-SemiBoldItalic.ttf */,
				33608FF0889740AD84C648DC /* RobotoMono-Thin.ttf */,
				A29DF52467464FFBA1E9F347 /* RobotoMono-ThinItalic.ttf */,
				3229569961164F299B5C7EAE /* Karbon-Bold 2.otf */,
				D6C9AB8BDCED4AA3B6F2307A /* Karbon-Bold 3.otf */,
				66635EA640D846739A1D91FD /* Karbon-Bold 4.otf */,
				875249FC1319430FA49666EA /* Karbon-Bold.otf */,
				2AC117C6CFE3429C8BE06AEC /* Karbon-BoldItalic.otf */,
				BF18560DA99F4DB584054092 /* Karbon-Hairline.otf */,
				654961CDF3744AEFBF763A92 /* Karbon-HairlineItalic.otf */,
				69D76FA87B8C46D99C5BC6D1 /* Karbon-Light 2.otf */,
				28B0C6F8FA0F4632B1C5B8FD /* Karbon-Light.otf */,
				82E69B4F005C40CBB714A0F3 /* Karbon-LightItalic.otf */,
				86C550D0394940909026C612 /* Karbon-Medium 2.otf */,
				D8448A19D5AF4C0DB31375DC /* Karbon-Medium.otf */,
				21725A18577446E1B4997238 /* Karbon-MediumItalic.otf */,
				F49BB56FB93E44ADA35A03E0 /* Karbon-Regular 2.otf */,
				C4751C49DC5D43F4A72FA7C4 /* Karbon-Regular 3.otf */,
				CCC94EE55A674CBBBEE86417 /* Karbon-Regular 4.otf */,
				BD742E7C5F2041929BEF8CC7 /* Karbon-Regular 5.otf */,
				BBE49FEE61314BB19412207D /* Karbon-Regular.otf */,
				E843CB7D246E4902B613D717 /* Karbon-RegularItalic.otf */,
				E8BEED7E48F54FC781D67548 /* Karbon-Semibold 2.otf */,
				E94665EF41D34F1C81B39B3C /* Karbon-Semibold.otf */,
				782EDD99F9B749FCBC6E32B1 /* Karbon-SemiboldItalic.otf */,
				066F62BA80B3495F978116BD /* Karbon-Thin.otf */,
				D05F6AE363E54E9588AA2AA0 /* Karbon-ThinItalic.otf */,
				A97DFBEFCE8D4103A33F3C59 /* KarbonSlabStencil-Bold.otf */,
				1C57F319A21945DC9FDBFC91 /* KarbonSlabStencil-Regular.otf */,
			);
			name = Resources;
			sourceTree = "<group>";
		};
		F1DE2B999CBEC82BE64A3739 /* Pods */ = {
			isa = PBXGroup;
			children = (
				FA974DDEFF957851FFA4CECC /* Pods-Rainbow.debug.xcconfig */,
				7A03E7699E0F07FBDAB2C4FE /* Pods-Rainbow.release.xcconfig */,
				B38929B7A1C5A8920DB5E000 /* Pods-Rainbow.localrelease.xcconfig */,
				07917270F7840DA516F244DA /* Pods-Rainbow.staging.xcconfig */,
			);
			path = Pods;
			sourceTree = "<group>";
		};
/* End PBXGroup section */

/* Begin PBXNativeTarget section */
		13B07F861A680F5B00A75B9A /* Rainbow */ = {
			isa = PBXNativeTarget;
			buildConfigurationList = 13B07F931A680F5B00A75B9A /* Build configuration list for PBXNativeTarget "Rainbow" */;
			buildPhases = (
				B9CAA2ED3508EB0C922D62F0 /* [CP] Check Pods Manifest.lock */,
				13B07F871A680F5B00A75B9A /* Sources */,
				13B07F8C1A680F5B00A75B9A /* Frameworks */,
				13B07F8E1A680F5B00A75B9A /* Resources */,
				00DD1BFF1BD5951E006B06BC /* Bundle React Native code and images */,
				F0E0F8C4F5D1F4A6D6CBCA0F /* [CP] Copy Pods Resources */,
				829E247EDA0BBEF86C7E64E2 /* [CP-User] [RNFB] Core Configuration */,
				BF24D3C3416DC0588DD8EE8E /* [CP] Embed Pods Frameworks */,
			);
			buildRules = (
			);
			dependencies = (
			);
			name = Rainbow;
			productName = "Hello World";
			productReference = 13B07F961A680F5B00A75B9A /* Rainbow.app */;
			productType = "com.apple.product-type.application";
		};
/* End PBXNativeTarget section */

/* Begin PBXProject section */
		83CBB9F71A601CBA00E9B192 /* Project object */ = {
			isa = PBXProject;
			attributes = {
				LastUpgradeCheck = 610;
				ORGANIZATIONNAME = Facebook;
				TargetAttributes = {
					13B07F861A680F5B00A75B9A = {
						DevelopmentTeam = QS5AFH4668;
						LastSwiftMigration = 1120;
						ProvisioningStyle = Manual;
						SystemCapabilities = {
							com.apple.Push = {
								enabled = 1;
							};
							com.apple.SafariKeychain = {
								enabled = 1;
							};
						};
					};
				};
			};
			buildConfigurationList = 83CBB9FA1A601CBA00E9B192 /* Build configuration list for PBXProject "Rainbow" */;
			compatibilityVersion = "Xcode 3.2";
			developmentRegion = English;
			hasScannedForEncodings = 0;
			knownRegions = (
				English,
				en,
				Base,
			);
			mainGroup = 83CBB9F61A601CBA00E9B192;
			productRefGroup = 83CBBA001A601CBA00E9B192 /* Products */;
			projectDirPath = "";
			projectRoot = "";
			targets = (
				13B07F861A680F5B00A75B9A /* Rainbow */,
			);
		};
/* End PBXProject section */

/* Begin PBXResourcesBuildPhase section */
		13B07F8E1A680F5B00A75B9A /* Resources */ = {
			isa = PBXResourcesBuildPhase;
			buildActionMask = 2147483647;
			files = (
				13B07FBF1A68108700A75B9A /* Images.xcassets in Resources */,
				24979E8920F84250007EB0DA /* GoogleService-Info.plist in Resources */,
				7287CE1EC33B4913AEE1F4B6 /* SFMono-Medium.otf in Resources */,
				B7A3E82A4C4449F4A18EB5C2 /* SFMono-Regular.otf in Resources */,
				C04D10F025AFC8C1003BEF7A /* Extras.json in Resources */,
				AA6228EF24272F510078BDAA /* SF-Pro-Rounded-Bold.otf in Resources */,
				AA6228F024272F510078BDAA /* SF-Pro-Rounded-Heavy.otf in Resources */,
				AA6228F124272F510078BDAA /* SF-Pro-Rounded-Medium.otf in Resources */,
				F198B5242873447B00008530 /* LaunchScreen.storyboard in Resources */,
				AA6228F224272F510078BDAA /* SF-Pro-Rounded-Regular.otf in Resources */,
				AA6228F324272F510078BDAA /* SF-Pro-Rounded-Semibold.otf in Resources */,
				D8CC7D300E4F44CBB0849967 /* OpenSans-Bold.ttf in Resources */,
				2EB90C38D49A4C09AB167D36 /* OpenSans-BoldItalic.ttf in Resources */,
				0EFAF3F629434EEE9EB3D1AB /* OpenSans-ExtraBold.ttf in Resources */,
				B9228E638CCB4EF7B7CBFDFF /* OpenSans-ExtraBoldItalic.ttf in Resources */,
				3C109692EB3643688A68E778 /* OpenSans-Italic.ttf in Resources */,
				A39A1DD0C9844C7E83998733 /* OpenSans-Light.ttf in Resources */,
				019BFA419A1C493998D767A0 /* OpenSans-LightItalic.ttf in Resources */,
				9EE7A81B54D644FE90F32B5D /* OpenSans-Regular.ttf in Resources */,
				E08425439FAA46D1804E1DEA /* OpenSans-SemiBold.ttf in Resources */,
				C185E9DB63A649B09B0C005E /* OpenSans-SemiBoldItalic.ttf in Resources */,
				2BE0026A9A624831826E8B6A /* RobotoMono-Regular.ttf in Resources */,
			);
			runOnlyForDeploymentPostprocessing = 0;
		};
/* End PBXResourcesBuildPhase section */

/* Begin PBXShellScriptBuildPhase section */
		00DD1BFF1BD5951E006B06BC /* Bundle React Native code and images */ = {
			isa = PBXShellScriptBuildPhase;
			buildActionMask = 12;
			files = (
			);
			inputPaths = (
			);
			name = "Bundle React Native code and images";
			outputPaths = (
			);
			runOnlyForDeploymentPostprocessing = 0;
			shellPath = /bin/sh;
			shellScript = "cd $PROJECT_DIR/..\nexport NODE_BINARY=node\n./node_modules/react-native/scripts/react-native-xcode.sh\n";
		};
		829E247EDA0BBEF86C7E64E2 /* [CP-User] [RNFB] Core Configuration */ = {
			isa = PBXShellScriptBuildPhase;
			buildActionMask = 2147483647;
			files = (
			);
			inputPaths = (
				"$(BUILT_PRODUCTS_DIR)/$(INFOPLIST_PATH)",
			);
			name = "[CP-User] [RNFB] Core Configuration";
			runOnlyForDeploymentPostprocessing = 0;
			shellPath = /bin/sh;
			shellScript = "#!/usr/bin/env bash\n#\n# Copyright (c) 2016-present Invertase Limited & Contributors\n#\n# Licensed under the Apache License, Version 2.0 (the \"License\");\n# you may not use this library except in compliance with the License.\n# You may obtain a copy of the License at\n#\n#   http://www.apache.org/licenses/LICENSE-2.0\n#\n# Unless required by applicable law or agreed to in writing, software\n# distributed under the License is distributed on an \"AS IS\" BASIS,\n# WITHOUT WARRANTIES OR CONDITIONS OF ANY KIND, either express or implied.\n# See the License for the specific language governing permissions and\n# limitations under the License.\n#\nset -e\n\n_MAX_LOOKUPS=2;\n_SEARCH_RESULT=''\n_RN_ROOT_EXISTS=''\n_CURRENT_LOOKUPS=1\n_JSON_ROOT=\"'react-native'\"\n_JSON_FILE_NAME='firebase.json'\n_JSON_OUTPUT_BASE64='e30=' # { }\n_CURRENT_SEARCH_DIR=${PROJECT_DIR}\n_PLIST_BUDDY=/usr/libexec/PlistBuddy\n_TARGET_PLIST=\"${BUILT_PRODUCTS_DIR}/${INFOPLIST_PATH}\"\n_DSYM_PLIST=\"${DWARF_DSYM_FOLDER_PATH}/${DWARF_DSYM_FILE_NAME}/Contents/Info.plist\"\n\n# plist arrays\n_PLIST_ENTRY_KEYS=()\n_PLIST_ENTRY_TYPES=()\n_PLIST_ENTRY_VALUES=()\n\nfunction setPlistValue {\n  echo \"info:      setting plist entry '$1' of type '$2' in file '$4'\"\n  ${_PLIST_BUDDY} -c \"Add :$1 $2 '$3'\" $4 || echo \"info:      '$1' already exists\"\n}\n\nfunction getFirebaseJsonKeyValue () {\n  if [[ ${_RN_ROOT_EXISTS} ]]; then\n    ruby -e \"require 'rubygems';require 'json'; output=JSON.parse('$1'); puts output[$_JSON_ROOT]['$2']\"\n  else\n    echo \"\"\n  fi;\n}\n\nfunction jsonBoolToYesNo () {\n  if [[ $1 == \"false\" ]]; then\n    echo \"NO\"\n  elif [[ $1 == \"true\" ]]; then\n    echo \"YES\"\n  else echo \"NO\"\n  fi\n}\n\necho \"info: -> RNFB build script started\"\necho \"info: 1) Locating ${_JSON_FILE_NAME} file:\"\n\nif [[ -z ${_CURRENT_SEARCH_DIR} ]]; then\n  _CURRENT_SEARCH_DIR=$(pwd)\nfi;\n\nwhile true; do\n  _CURRENT_SEARCH_DIR=$(dirname \"$_CURRENT_SEARCH_DIR\")\n  if [[ \"$_CURRENT_SEARCH_DIR\" == \"/\" ]] || [[ ${_CURRENT_LOOKUPS} -gt ${_MAX_LOOKUPS} ]]; then break; fi;\n  echo \"info:      ($_CURRENT_LOOKUPS of $_MAX_LOOKUPS) Searching in '$_CURRENT_SEARCH_DIR' for a ${_JSON_FILE_NAME} file.\"\n  _SEARCH_RESULT=$(find \"$_CURRENT_SEARCH_DIR\" -maxdepth 2 -name ${_JSON_FILE_NAME} -print | /usr/bin/head -n 1)\n  if [[ ${_SEARCH_RESULT} ]]; then\n    echo \"info:      ${_JSON_FILE_NAME} found at $_SEARCH_RESULT\"\n    break;\n  fi;\n  _CURRENT_LOOKUPS=$((_CURRENT_LOOKUPS+1))\ndone\n\nif [[ ${_SEARCH_RESULT} ]]; then\n  _JSON_OUTPUT_RAW=$(cat \"${_SEARCH_RESULT}\")\n  _RN_ROOT_EXISTS=$(ruby -e \"require 'rubygems';require 'json'; output=JSON.parse('$_JSON_OUTPUT_RAW'); puts output[$_JSON_ROOT]\" || echo '')\n\n  if [[ ${_RN_ROOT_EXISTS} ]]; then\n    if ! python3 --version >/dev/null 2>&1; then echo \"python3 not found, firebase.json file processing error.\" && exit 1; fi\n    _JSON_OUTPUT_BASE64=$(python3 -c 'import json,sys,base64;print(base64.b64encode(bytes(json.dumps(json.loads(open('\"'${_SEARCH_RESULT}'\"', '\"'rb'\"').read())['${_JSON_ROOT}']), '\"'utf-8'\"')).decode())' || echo \"e30=\")\n  fi\n\n  _PLIST_ENTRY_KEYS+=(\"firebase_json_raw\")\n  _PLIST_ENTRY_TYPES+=(\"string\")\n  _PLIST_ENTRY_VALUES+=(\"$_JSON_OUTPUT_BASE64\")\n\n  # config.app_data_collection_default_enabled\n  _APP_DATA_COLLECTION_ENABLED=$(getFirebaseJsonKeyValue \"$_JSON_OUTPUT_RAW\" \"app_data_collection_default_enabled\")\n  if [[ $_APP_DATA_COLLECTION_ENABLED ]]; then\n    _PLIST_ENTRY_KEYS+=(\"FirebaseDataCollectionDefaultEnabled\")\n    _PLIST_ENTRY_TYPES+=(\"bool\")\n    _PLIST_ENTRY_VALUES+=(\"$(jsonBoolToYesNo \"$_APP_DATA_COLLECTION_ENABLED\")\")\n  fi\n\n  # config.analytics_auto_collection_enabled\n  _ANALYTICS_AUTO_COLLECTION=$(getFirebaseJsonKeyValue \"$_JSON_OUTPUT_RAW\" \"analytics_auto_collection_enabled\")\n  if [[ $_ANALYTICS_AUTO_COLLECTION ]]; then\n    _PLIST_ENTRY_KEYS+=(\"FIREBASE_ANALYTICS_COLLECTION_ENABLED\")\n    _PLIST_ENTRY_TYPES+=(\"bool\")\n    _PLIST_ENTRY_VALUES+=(\"$(jsonBoolToYesNo \"$_ANALYTICS_AUTO_COLLECTION\")\")\n  fi\n\n  # config.analytics_collection_deactivated\n  _ANALYTICS_DEACTIVATED=$(getFirebaseJsonKeyValue \"$_JSON_OUTPUT_RAW\" \"analytics_collection_deactivated\")\n  if [[ $_ANALYTICS_DEACTIVATED ]]; then\n    _PLIST_ENTRY_KEYS+=(\"FIREBASE_ANALYTICS_COLLECTION_DEACTIVATED\")\n    _PLIST_ENTRY_TYPES+=(\"bool\")\n    _PLIST_ENTRY_VALUES+=(\"$(jsonBoolToYesNo \"$_ANALYTICS_DEACTIVATED\")\")\n  fi\n\n  # config.analytics_idfv_collection_enabled\n  _ANALYTICS_IDFV_COLLECTION=$(getFirebaseJsonKeyValue \"$_JSON_OUTPUT_RAW\" \"analytics_idfv_collection_enabled\")\n  if [[ $_ANALYTICS_IDFV_COLLECTION ]]; then\n    _PLIST_ENTRY_KEYS+=(\"GOOGLE_ANALYTICS_IDFV_COLLECTION_ENABLED\")\n    _PLIST_ENTRY_TYPES+=(\"bool\")\n    _PLIST_ENTRY_VALUES+=(\"$(jsonBoolToYesNo \"$_ANALYTICS_IDFV_COLLECTION\")\")\n  fi\n\n  # config.analytics_default_allow_ad_personalization_signals\n  _ANALYTICS_PERSONALIZATION=$(getFirebaseJsonKeyValue \"$_JSON_OUTPUT_RAW\" \"analytics_default_allow_ad_personalization_signals\")\n  if [[ $_ANALYTICS_PERSONALIZATION ]]; then\n    _PLIST_ENTRY_KEYS+=(\"GOOGLE_ANALYTICS_DEFAULT_ALLOW_AD_PERSONALIZATION_SIGNALS\")\n    _PLIST_ENTRY_TYPES+=(\"bool\")\n    _PLIST_ENTRY_VALUES+=(\"$(jsonBoolToYesNo \"$_ANALYTICS_PERSONALIZATION\")\")\n  fi\n\n  # config.google_analytics_automatic_screen_reporting_enabled\n  _ANALYTICS_AUTO_SCREEN_REPORTING=$(getFirebaseJsonKeyValue \"$_JSON_OUTPUT_RAW\" \"google_analytics_automatic_screen_reporting_enabled\")\n  if [[ $_ANALYTICS_AUTO_SCREEN_REPORTING ]]; then\n    _PLIST_ENTRY_KEYS+=(\"FirebaseAutomaticScreenReportingEnabled\")\n    _PLIST_ENTRY_TYPES+=(\"bool\")\n    _PLIST_ENTRY_VALUES+=(\"$(jsonBoolToYesNo \"$_ANALYTICS_AUTO_SCREEN_REPORTING\")\")\n  fi\n\n  # config.perf_auto_collection_enabled\n  _PERF_AUTO_COLLECTION=$(getFirebaseJsonKeyValue \"$_JSON_OUTPUT_RAW\" \"perf_auto_collection_enabled\")\n  if [[ $_PERF_AUTO_COLLECTION ]]; then\n    _PLIST_ENTRY_KEYS+=(\"firebase_performance_collection_enabled\")\n    _PLIST_ENTRY_TYPES+=(\"bool\")\n    _PLIST_ENTRY_VALUES+=(\"$(jsonBoolToYesNo \"$_PERF_AUTO_COLLECTION\")\")\n  fi\n\n  # config.perf_collection_deactivated\n  _PERF_DEACTIVATED=$(getFirebaseJsonKeyValue \"$_JSON_OUTPUT_RAW\" \"perf_collection_deactivated\")\n  if [[ $_PERF_DEACTIVATED ]]; then\n    _PLIST_ENTRY_KEYS+=(\"firebase_performance_collection_deactivated\")\n    _PLIST_ENTRY_TYPES+=(\"bool\")\n    _PLIST_ENTRY_VALUES+=(\"$(jsonBoolToYesNo \"$_PERF_DEACTIVATED\")\")\n  fi\n\n  # config.messaging_auto_init_enabled\n  _MESSAGING_AUTO_INIT=$(getFirebaseJsonKeyValue \"$_JSON_OUTPUT_RAW\" \"messaging_auto_init_enabled\")\n  if [[ $_MESSAGING_AUTO_INIT ]]; then\n    _PLIST_ENTRY_KEYS+=(\"FirebaseMessagingAutoInitEnabled\")\n    _PLIST_ENTRY_TYPES+=(\"bool\")\n    _PLIST_ENTRY_VALUES+=(\"$(jsonBoolToYesNo \"$_MESSAGING_AUTO_INIT\")\")\n  fi\n\n  # config.in_app_messaging_auto_colllection_enabled\n  _FIAM_AUTO_INIT=$(getFirebaseJsonKeyValue \"$_JSON_OUTPUT_RAW\" \"in_app_messaging_auto_collection_enabled\")\n  if [[ $_FIAM_AUTO_INIT ]]; then\n    _PLIST_ENTRY_KEYS+=(\"FirebaseInAppMessagingAutomaticDataCollectionEnabled\")\n    _PLIST_ENTRY_TYPES+=(\"bool\")\n    _PLIST_ENTRY_VALUES+=(\"$(jsonBoolToYesNo \"$_FIAM_AUTO_INIT\")\")\n  fi\n\n  # config.app_check_token_auto_refresh\n  _APP_CHECK_TOKEN_AUTO_REFRESH=$(getFirebaseJsonKeyValue \"$_JSON_OUTPUT_RAW\" \"app_check_token_auto_refresh\")\n  if [[ $_APP_CHECK_TOKEN_AUTO_REFRESH ]]; then\n    _PLIST_ENTRY_KEYS+=(\"FirebaseAppCheckTokenAutoRefreshEnabled\")\n    _PLIST_ENTRY_TYPES+=(\"bool\")\n    _PLIST_ENTRY_VALUES+=(\"$(jsonBoolToYesNo \"$_APP_CHECK_TOKEN_AUTO_REFRESH\")\")\n  fi\n\n  # config.crashlytics_disable_auto_disabler - undocumented for now - mainly for debugging, document if becomes useful\n  _CRASHLYTICS_AUTO_DISABLE_ENABLED=$(getFirebaseJsonKeyValue \"$_JSON_OUTPUT_RAW\" \"crashlytics_disable_auto_disabler\")\n  if [[ $_CRASHLYTICS_AUTO_DISABLE_ENABLED == \"true\" ]]; then\n    echo \"Disabled Crashlytics auto disabler.\" # do nothing\n  else\n    _PLIST_ENTRY_KEYS+=(\"FirebaseCrashlyticsCollectionEnabled\")\n    _PLIST_ENTRY_TYPES+=(\"bool\")\n    _PLIST_ENTRY_VALUES+=(\"NO\")\n  fi\nelse\n  _PLIST_ENTRY_KEYS+=(\"firebase_json_raw\")\n  _PLIST_ENTRY_TYPES+=(\"string\")\n  _PLIST_ENTRY_VALUES+=(\"$_JSON_OUTPUT_BASE64\")\n  echo \"warning:   A firebase.json file was not found, whilst this file is optional it is recommended to include it to configure firebase services in React Native Firebase.\"\nfi;\n\necho \"info: 2) Injecting Info.plist entries: \"\n\n# Log out the keys we're adding\nfor i in \"${!_PLIST_ENTRY_KEYS[@]}\"; do\n  echo \"    ->  $i) ${_PLIST_ENTRY_KEYS[$i]}\" \"${_PLIST_ENTRY_TYPES[$i]}\" \"${_PLIST_ENTRY_VALUES[$i]}\"\ndone\n\nfor plist in \"${_TARGET_PLIST}\" \"${_DSYM_PLIST}\" ; do\n  if [[ -f \"${plist}\" ]]; then\n\n    # paths with spaces break the call to setPlistValue. temporarily modify\n    # the shell internal field separator variable (IFS), which normally\n    # includes spaces, to consist only of line breaks\n    oldifs=$IFS\n    IFS=\"\n\"\n\n    for i in \"${!_PLIST_ENTRY_KEYS[@]}\"; do\n      setPlistValue \"${_PLIST_ENTRY_KEYS[$i]}\" \"${_PLIST_ENTRY_TYPES[$i]}\" \"${_PLIST_ENTRY_VALUES[$i]}\" \"${plist}\"\n    done\n\n    # restore the original internal field separator value\n    IFS=$oldifs\n  else\n    echo \"warning:   A Info.plist build output file was not found (${plist})\"\n  fi\ndone\n\necho \"info: <- RNFB build script finished\"\n";
		};
		B9CAA2ED3508EB0C922D62F0 /* [CP] Check Pods Manifest.lock */ = {
			isa = PBXShellScriptBuildPhase;
			buildActionMask = 2147483647;
			files = (
			);
			inputFileListPaths = (
			);
			inputPaths = (
				"${PODS_PODFILE_DIR_PATH}/Podfile.lock",
				"${PODS_ROOT}/Manifest.lock",
			);
			name = "[CP] Check Pods Manifest.lock";
			outputFileListPaths = (
			);
			outputPaths = (
				"$(DERIVED_FILE_DIR)/Pods-Rainbow-checkManifestLockResult.txt",
			);
			runOnlyForDeploymentPostprocessing = 0;
			shellPath = /bin/sh;
			shellScript = "diff \"${PODS_PODFILE_DIR_PATH}/Podfile.lock\" \"${PODS_ROOT}/Manifest.lock\" > /dev/null\nif [ $? != 0 ] ; then\n    # print error to STDERR\n    echo \"error: The sandbox is not in sync with the Podfile.lock. Run 'pod install' or update your CocoaPods installation.\" >&2\n    exit 1\nfi\n# This output is used by Xcode 'outputs' to avoid re-running this script phase.\necho \"SUCCESS\" > \"${SCRIPT_OUTPUT_FILE_0}\"\n";
			showEnvVarsInLog = 0;
		};
		BF24D3C3416DC0588DD8EE8E /* [CP] Embed Pods Frameworks */ = {
			isa = PBXShellScriptBuildPhase;
			buildActionMask = 2147483647;
			files = (
			);
			inputPaths = (
				"${PODS_ROOT}/Target Support Files/Pods-Rainbow/Pods-Rainbow-frameworks.sh",
				"${PODS_XCFRAMEWORKS_BUILD_DIR}/Flipper-DoubleConversion/double-conversion.framework/double-conversion",
				"${PODS_XCFRAMEWORKS_BUILD_DIR}/Flipper-Glog/glog.framework/glog",
				"${PODS_XCFRAMEWORKS_BUILD_DIR}/OpenSSL-Universal/OpenSSL.framework/OpenSSL",
			);
			name = "[CP] Embed Pods Frameworks";
			outputPaths = (
				"${TARGET_BUILD_DIR}/${FRAMEWORKS_FOLDER_PATH}/double-conversion.framework",
				"${TARGET_BUILD_DIR}/${FRAMEWORKS_FOLDER_PATH}/glog.framework",
				"${TARGET_BUILD_DIR}/${FRAMEWORKS_FOLDER_PATH}/OpenSSL.framework",
			);
			runOnlyForDeploymentPostprocessing = 0;
			shellPath = /bin/sh;
			shellScript = "\"${PODS_ROOT}/Target Support Files/Pods-Rainbow/Pods-Rainbow-frameworks.sh\"\n";
			showEnvVarsInLog = 0;
		};
		F0E0F8C4F5D1F4A6D6CBCA0F /* [CP] Copy Pods Resources */ = {
			isa = PBXShellScriptBuildPhase;
			buildActionMask = 2147483647;
			files = (
			);
			inputPaths = (
				"${PODS_ROOT}/Target Support Files/Pods-Rainbow/Pods-Rainbow-resources.sh",
				"${PODS_CONFIGURATION_BUILD_DIR}/EXConstants/EXConstants.bundle",
				"${PODS_CONFIGURATION_BUILD_DIR}/RNImageCropPicker/QBImagePicker.bundle",
				"${PODS_ROOT}/../../node_modules/react-native-vector-icons/Fonts/AntDesign.ttf",
				"${PODS_ROOT}/../../node_modules/react-native-vector-icons/Fonts/Entypo.ttf",
				"${PODS_ROOT}/../../node_modules/react-native-vector-icons/Fonts/EvilIcons.ttf",
				"${PODS_ROOT}/../../node_modules/react-native-vector-icons/Fonts/Feather.ttf",
				"${PODS_ROOT}/../../node_modules/react-native-vector-icons/Fonts/FontAwesome.ttf",
				"${PODS_ROOT}/../../node_modules/react-native-vector-icons/Fonts/FontAwesome5_Brands.ttf",
				"${PODS_ROOT}/../../node_modules/react-native-vector-icons/Fonts/FontAwesome5_Regular.ttf",
				"${PODS_ROOT}/../../node_modules/react-native-vector-icons/Fonts/FontAwesome5_Solid.ttf",
				"${PODS_ROOT}/../../node_modules/react-native-vector-icons/Fonts/Fontisto.ttf",
				"${PODS_ROOT}/../../node_modules/react-native-vector-icons/Fonts/Foundation.ttf",
				"${PODS_ROOT}/../../node_modules/react-native-vector-icons/Fonts/Ionicons.ttf",
				"${PODS_ROOT}/../../node_modules/react-native-vector-icons/Fonts/MaterialCommunityIcons.ttf",
				"${PODS_ROOT}/../../node_modules/react-native-vector-icons/Fonts/MaterialIcons.ttf",
				"${PODS_ROOT}/../../node_modules/react-native-vector-icons/Fonts/Octicons.ttf",
				"${PODS_ROOT}/../../node_modules/react-native-vector-icons/Fonts/SimpleLineIcons.ttf",
				"${PODS_ROOT}/../../node_modules/react-native-vector-icons/Fonts/Zocial.ttf",
				"${PODS_CONFIGURATION_BUILD_DIR}/React-Core/AccessibilityResources.bundle",
				"${PODS_CONFIGURATION_BUILD_DIR}/TOCropViewController/TOCropViewControllerBundle.bundle",
			);
			name = "[CP] Copy Pods Resources";
			outputPaths = (
				"${TARGET_BUILD_DIR}/${UNLOCALIZED_RESOURCES_FOLDER_PATH}/EXConstants.bundle",
				"${TARGET_BUILD_DIR}/${UNLOCALIZED_RESOURCES_FOLDER_PATH}/QBImagePicker.bundle",
				"${TARGET_BUILD_DIR}/${UNLOCALIZED_RESOURCES_FOLDER_PATH}/AntDesign.ttf",
				"${TARGET_BUILD_DIR}/${UNLOCALIZED_RESOURCES_FOLDER_PATH}/Entypo.ttf",
				"${TARGET_BUILD_DIR}/${UNLOCALIZED_RESOURCES_FOLDER_PATH}/EvilIcons.ttf",
				"${TARGET_BUILD_DIR}/${UNLOCALIZED_RESOURCES_FOLDER_PATH}/Feather.ttf",
				"${TARGET_BUILD_DIR}/${UNLOCALIZED_RESOURCES_FOLDER_PATH}/FontAwesome.ttf",
				"${TARGET_BUILD_DIR}/${UNLOCALIZED_RESOURCES_FOLDER_PATH}/FontAwesome5_Brands.ttf",
				"${TARGET_BUILD_DIR}/${UNLOCALIZED_RESOURCES_FOLDER_PATH}/FontAwesome5_Regular.ttf",
				"${TARGET_BUILD_DIR}/${UNLOCALIZED_RESOURCES_FOLDER_PATH}/FontAwesome5_Solid.ttf",
				"${TARGET_BUILD_DIR}/${UNLOCALIZED_RESOURCES_FOLDER_PATH}/Fontisto.ttf",
				"${TARGET_BUILD_DIR}/${UNLOCALIZED_RESOURCES_FOLDER_PATH}/Foundation.ttf",
				"${TARGET_BUILD_DIR}/${UNLOCALIZED_RESOURCES_FOLDER_PATH}/Ionicons.ttf",
				"${TARGET_BUILD_DIR}/${UNLOCALIZED_RESOURCES_FOLDER_PATH}/MaterialCommunityIcons.ttf",
				"${TARGET_BUILD_DIR}/${UNLOCALIZED_RESOURCES_FOLDER_PATH}/MaterialIcons.ttf",
				"${TARGET_BUILD_DIR}/${UNLOCALIZED_RESOURCES_FOLDER_PATH}/Octicons.ttf",
				"${TARGET_BUILD_DIR}/${UNLOCALIZED_RESOURCES_FOLDER_PATH}/SimpleLineIcons.ttf",
				"${TARGET_BUILD_DIR}/${UNLOCALIZED_RESOURCES_FOLDER_PATH}/Zocial.ttf",
				"${TARGET_BUILD_DIR}/${UNLOCALIZED_RESOURCES_FOLDER_PATH}/AccessibilityResources.bundle",
				"${TARGET_BUILD_DIR}/${UNLOCALIZED_RESOURCES_FOLDER_PATH}/TOCropViewControllerBundle.bundle",
			);
			runOnlyForDeploymentPostprocessing = 0;
			shellPath = /bin/sh;
			shellScript = "\"${PODS_ROOT}/Target Support Files/Pods-Rainbow/Pods-Rainbow-resources.sh\"\n";
			showEnvVarsInLog = 0;
		};
/* End PBXShellScriptBuildPhase section */

/* Begin PBXSourcesBuildPhase section */
		13B07F871A680F5B00A75B9A /* Sources */ = {
			isa = PBXSourcesBuildPhase;
			buildActionMask = 2147483647;
			files = (
				66A28EB024CAF1B500410A88 /* TestFlight.m in Sources */,
				6630540924A38A1900E5B030 /* RainbowText.m in Sources */,
				13B07FBC1A68108700A75B9A /* AppDelegate.mm in Sources */,
				6635730624939991006ACFA6 /* SafeStoreReview.m in Sources */,
				13B07FC11A68108700A75B9A /* main.m in Sources */,
				15E531DA242DAB7100797B89 /* NotificationManager.m in Sources */,
				A4277DA323CFE85F0042BAF4 /* Theme.swift in Sources */,
				15E531D5242B28EF00797B89 /* UIImageViewWithPersistentAnimations.swift in Sources */,
				A4277D9F23CBD1910042BAF4 /* Extensions.swift in Sources */,
				A4D04BAC23D12FD5008C1DEC /* ButtonManager.m in Sources */,
				6655FFB425BB2B0700642961 /* ThemeModule.m in Sources */,
				A4D04BA923D12F99008C1DEC /* Button.swift in Sources */,
				05E458FA4E5282B49AE6E543 /* ExpoModulesProvider.swift in Sources */,
			);
			runOnlyForDeploymentPostprocessing = 0;
		};
/* End PBXSourcesBuildPhase section */

/* Begin XCBuildConfiguration section */
		13B07F941A680F5B00A75B9A /* Debug */ = {
			isa = XCBuildConfiguration;
			baseConfigurationReference = FA974DDEFF957851FFA4CECC /* Pods-Rainbow.debug.xcconfig */;
			buildSettings = {
				ASSETCATALOG_COMPILER_APPICON_NAME = AppIcon;
				ASSETCATALOG_COMPILER_OPTIMIZATION = time;
				CLANG_ENABLE_MODULES = YES;
				CODE_SIGN_ENTITLEMENTS = Rainbow/RainbowDebug.entitlements;
				CODE_SIGN_IDENTITY = "iPhone Distribution";
				CODE_SIGN_STYLE = Manual;
				COPY_PHASE_STRIP = NO;
				CURRENT_PROJECT_VERSION = 1;
				DEAD_CODE_STRIPPING = YES;
				DEBUG_INFORMATION_FORMAT = "dwarf-with-dsym";
				DEVELOPMENT_TEAM = QS5AFH4668;
				ENABLE_BITCODE = NO;
				"EXCLUDED_ARCHS[sdk=iphonesimulator*]" = arm64;
				FRAMEWORK_SEARCH_PATHS = (
					"$(inherited)",
					"$(PROJECT_DIR)/Frameworks",
				);
				GCC_PRECOMPILE_PREFIX_HEADER = NO;
				"GCC_PREPROCESSOR_DEFINITIONS[arch=*]" = (
					"$(inherited)",
					"COCOAPODS=1",
					"$(inherited)",
					"GPB_USE_PROTOBUF_FRAMEWORK_IMPORTS=1",
					"$(inherited)",
					"SD_WEBP=1",
					"$(inherited)",
					"PB_FIELD_32BIT=1",
					"PB_NO_PACKED_STRUCTS=1",
					"PB_ENABLE_MALLOC=1",
				);
				GCC_UNROLL_LOOPS = NO;
				HEADER_SEARCH_PATHS = (
					"$(inherited)",
					"$(PROJECT_DIR)/Frameworks",
					"$(SRCROOT)/../node_modules/react-native-tooltip/ToolTipMenu",
					"$(SRCROOT)/../node_modules/react-native-code-push/ios/**",
					"$(SRCROOT)/../node_modules/@ledgerhq/react-native-passcode-auth",
					"$(SRCROOT)/../node_modules/react-native-firebase/ios/RNFirebase/**",
					"$(SRCROOT)/../node_modules/react-native/Libraries/LinkingIOS/**",
				);
				INFOPLIST_FILE = Rainbow/Info.plist;
				IPHONEOS_DEPLOYMENT_TARGET = 12.0;
				LD_RUNPATH_SEARCH_PATHS = "$(inherited) @executable_path/Frameworks";
				LLVM_LTO = YES;
				MARKETING_VERSION = 1.1.12;
				OTHER_CFLAGS = (
					"$(inherited)",
					"-DFB_SONARKIT_ENABLED=1",
				);
				OTHER_LDFLAGS = (
					"$(inherited)",
					"-ObjC",
					"-lc++",
				);
				OTHER_SWIFT_FLAGS = "$(inherited) -D EXPO_CONFIGURATION_DEBUG";
				PRODUCT_BUNDLE_IDENTIFIER = com.cardstack.cardpay;
				PRODUCT_NAME = Rainbow;
				PROVISIONING_PROFILE = "";
				PROVISIONING_PROFILE_SPECIFIER = "match AppStore com.cardstack.cardpay";
				SWIFT_OBJC_BRIDGING_HEADER = "Rainbow-Bridging-Header.h";
				SWIFT_OPTIMIZATION_LEVEL = "-Onone";
				SWIFT_VERSION = 5.0;
				VERSIONING_SYSTEM = "apple-generic";
			};
			name = Debug;
		};
		13B07F951A680F5B00A75B9A /* Release */ = {
			isa = XCBuildConfiguration;
			baseConfigurationReference = 7A03E7699E0F07FBDAB2C4FE /* Pods-Rainbow.release.xcconfig */;
			buildSettings = {
				ASSETCATALOG_COMPILER_APPICON_NAME = AppIcon;
				ASSETCATALOG_COMPILER_OPTIMIZATION = "";
				CLANG_ENABLE_MODULES = YES;
				CODE_SIGN_ENTITLEMENTS = Rainbow/RainbowRelease.entitlements;
				CODE_SIGN_IDENTITY = "iPhone Distribution";
				CODE_SIGN_STYLE = Manual;
				CURRENT_PROJECT_VERSION = 1;
				DEBUG_INFORMATION_FORMAT = "dwarf-with-dsym";
				DEVELOPMENT_TEAM = QS5AFH4668;
				ENABLE_BITCODE = NO;
				"EXCLUDED_ARCHS[sdk=iphonesimulator*]" = arm64;
				FRAMEWORK_SEARCH_PATHS = (
					"$(inherited)",
					"$(PROJECT_DIR)/Frameworks",
				);
				GCC_PRECOMPILE_PREFIX_HEADER = YES;
				GCC_UNROLL_LOOPS = YES;
				HEADER_SEARCH_PATHS = (
					"$(inherited)",
					"$(PROJECT_DIR)/Frameworks",
					"$(SRCROOT)/../node_modules/react-native-tooltip/ToolTipMenu",
					"$(SRCROOT)/../node_modules/react-native-code-push/ios/**",
					"$(SRCROOT)/../node_modules/@ledgerhq/react-native-passcode-auth",
					"$(SRCROOT)/../node_modules/react-native-firebase/ios/RNFirebase/**",
					"$(SRCROOT)/../node_modules/react-native/Libraries/LinkingIOS/**",
				);
				INFOPLIST_FILE = Rainbow/Info.plist;
				IPHONEOS_DEPLOYMENT_TARGET = 12.0;
				LD_RUNPATH_SEARCH_PATHS = "$(inherited) @executable_path/Frameworks";
				LLVM_LTO = YES;
				MARKETING_VERSION = 1.1.12;
				OTHER_CFLAGS = (
					"$(inherited)",
					"-DFB_SONARKIT_ENABLED=1",
				);
				OTHER_LDFLAGS = (
					"$(inherited)",
					"-ObjC",
					"-lc++",
				);
				OTHER_SWIFT_FLAGS = "$(inherited) -D EXPO_CONFIGURATION_RELEASE";
				PRODUCT_BUNDLE_IDENTIFIER = com.cardstack.cardpay;
				PRODUCT_NAME = Rainbow;
				PROVISIONING_PROFILE = "";
				PROVISIONING_PROFILE_SPECIFIER = "match AppStore com.cardstack.cardpay";
				SWIFT_OBJC_BRIDGING_HEADER = "Rainbow-Bridging-Header.h";
				SWIFT_VERSION = 5.0;
				VERSIONING_SYSTEM = "apple-generic";
			};
			name = Release;
		};
		2C6A799721127ED9003AFB37 /* Staging */ = {
			isa = XCBuildConfiguration;
			buildSettings = {
				ALWAYS_SEARCH_USER_PATHS = NO;
				CLANG_CXX_LANGUAGE_STANDARD = "gnu++0x";
				CLANG_CXX_LIBRARY = "libc++";
				CLANG_ENABLE_MODULES = YES;
				CLANG_ENABLE_OBJC_ARC = YES;
				CLANG_WARN_BOOL_CONVERSION = YES;
				CLANG_WARN_CONSTANT_CONVERSION = YES;
				CLANG_WARN_DIRECT_OBJC_ISA_USAGE = YES_ERROR;
				CLANG_WARN_EMPTY_BODY = YES;
				CLANG_WARN_ENUM_CONVERSION = YES;
				CLANG_WARN_INT_CONVERSION = YES;
				CLANG_WARN_OBJC_ROOT_CLASS = YES_ERROR;
				CLANG_WARN_UNREACHABLE_CODE = YES;
				CLANG_WARN__DUPLICATE_METHOD_MATCH = YES;
				"CODE_SIGN_IDENTITY[sdk=iphoneos*]" = "iPhone Developer";
				CONFIGURATION_BUILD_DIR = "$(BUILD_DIR)/Release$(EFFECTIVE_PLATFORM_NAME)";
				COPY_PHASE_STRIP = YES;
				ENABLE_NS_ASSERTIONS = NO;
				ENABLE_STRICT_OBJC_MSGSEND = YES;
				"EXCLUDED_ARCHS[sdk=iphonesimulator*]" = "";
				GCC_C_LANGUAGE_STANDARD = gnu99;
				GCC_WARN_64_TO_32_BIT_CONVERSION = YES;
				GCC_WARN_ABOUT_RETURN_TYPE = YES_ERROR;
				GCC_WARN_UNDECLARED_SELECTOR = YES;
				GCC_WARN_UNINITIALIZED_AUTOS = YES_AGGRESSIVE;
				GCC_WARN_UNUSED_FUNCTION = YES;
				GCC_WARN_UNUSED_VARIABLE = YES;
				IPHONEOS_DEPLOYMENT_TARGET = 12.0;
				MTL_ENABLE_DEBUG_INFO = NO;
				SDKROOT = iphoneos;
				VALIDATE_PRODUCT = YES;
			};
			name = Staging;
		};
		2C6A799821127ED9003AFB37 /* Staging */ = {
			isa = XCBuildConfiguration;
			baseConfigurationReference = 07917270F7840DA516F244DA /* Pods-Rainbow.staging.xcconfig */;
			buildSettings = {
				ASSETCATALOG_COMPILER_APPICON_NAME = AppIcon;
				ASSETCATALOG_COMPILER_OPTIMIZATION = "";
				CLANG_ENABLE_MODULES = YES;
				CODE_SIGN_ENTITLEMENTS = Rainbow/Rainbow.entitlements;
				CODE_SIGN_IDENTITY = "iPhone Distribution";
				CODE_SIGN_STYLE = Manual;
				CURRENT_PROJECT_VERSION = 1;
				DEBUG_INFORMATION_FORMAT = "dwarf-with-dsym";
				DEVELOPMENT_TEAM = QS5AFH4668;
				ENABLE_BITCODE = NO;
				"EXCLUDED_ARCHS[sdk=iphonesimulator*]" = arm64;
				FRAMEWORK_SEARCH_PATHS = (
					"$(inherited)",
					"$(PROJECT_DIR)/Frameworks",
				);
				GCC_PRECOMPILE_PREFIX_HEADER = YES;
				GCC_UNROLL_LOOPS = YES;
				HEADER_SEARCH_PATHS = (
					"$(inherited)",
					"$(PROJECT_DIR)/Frameworks",
					"$(SRCROOT)/../node_modules/react-native-tooltip/ToolTipMenu",
					"$(SRCROOT)/../node_modules/react-native-code-push/ios/**",
					"$(SRCROOT)/../node_modules/@ledgerhq/react-native-passcode-auth",
					"$(SRCROOT)/../node_modules/react-native-firebase/ios/RNFirebase/**",
				);
				INFOPLIST_FILE = Rainbow/Info.plist;
				IPHONEOS_DEPLOYMENT_TARGET = 12.0;
				LD_RUNPATH_SEARCH_PATHS = "$(inherited) @executable_path/Frameworks";
				LLVM_LTO = YES;
				MARKETING_VERSION = 1.1.12;
				OTHER_CFLAGS = (
					"$(inherited)",
					"-DFB_SONARKIT_ENABLED=1",
				);
				OTHER_LDFLAGS = (
					"$(inherited)",
					"-ObjC",
					"-lc++",
				);
				OTHER_SWIFT_FLAGS = "$(inherited) -D EXPO_CONFIGURATION_RELEASE";
				PRODUCT_BUNDLE_IDENTIFIER = com.cardstack.cardpay;
				PRODUCT_NAME = Rainbow;
				PROVISIONING_PROFILE = "";
				PROVISIONING_PROFILE_SPECIFIER = "match AppStore com.cardstack.cardpay";
				SWIFT_OBJC_BRIDGING_HEADER = "Rainbow-Bridging-Header.h";
				SWIFT_VERSION = 5.0;
				VERSIONING_SYSTEM = "apple-generic";
			};
			name = Staging;
		};
		2C87B7992197FA1900682EC4 /* LocalRelease */ = {
			isa = XCBuildConfiguration;
			buildSettings = {
				ALWAYS_SEARCH_USER_PATHS = NO;
				CLANG_CXX_LANGUAGE_STANDARD = "gnu++0x";
				CLANG_CXX_LIBRARY = "libc++";
				CLANG_ENABLE_MODULES = YES;
				CLANG_ENABLE_OBJC_ARC = YES;
				CLANG_WARN_BOOL_CONVERSION = YES;
				CLANG_WARN_CONSTANT_CONVERSION = YES;
				CLANG_WARN_DIRECT_OBJC_ISA_USAGE = YES_ERROR;
				CLANG_WARN_EMPTY_BODY = YES;
				CLANG_WARN_ENUM_CONVERSION = YES;
				CLANG_WARN_INT_CONVERSION = YES;
				CLANG_WARN_OBJC_ROOT_CLASS = YES_ERROR;
				CLANG_WARN_UNREACHABLE_CODE = YES;
				CLANG_WARN__DUPLICATE_METHOD_MATCH = YES;
				"CODE_SIGN_IDENTITY[sdk=iphoneos*]" = "iPhone Developer";
				CONFIGURATION_BUILD_DIR = "$(BUILD_DIR)/Release$(EFFECTIVE_PLATFORM_NAME)";
				COPY_PHASE_STRIP = YES;
				ENABLE_NS_ASSERTIONS = NO;
				ENABLE_STRICT_OBJC_MSGSEND = YES;
				"EXCLUDED_ARCHS[sdk=iphonesimulator*]" = "";
				GCC_C_LANGUAGE_STANDARD = gnu99;
				GCC_PREPROCESSOR_DEFINITIONS = "LOCAL_RELEASE=1";
				GCC_WARN_64_TO_32_BIT_CONVERSION = YES;
				GCC_WARN_ABOUT_RETURN_TYPE = YES_ERROR;
				GCC_WARN_UNDECLARED_SELECTOR = YES;
				GCC_WARN_UNINITIALIZED_AUTOS = YES_AGGRESSIVE;
				GCC_WARN_UNUSED_FUNCTION = YES;
				GCC_WARN_UNUSED_VARIABLE = YES;
				IPHONEOS_DEPLOYMENT_TARGET = 12.0;
				MTL_ENABLE_DEBUG_INFO = NO;
				SDKROOT = iphoneos;
				VALIDATE_PRODUCT = YES;
			};
			name = LocalRelease;
		};
		2C87B79A2197FA1900682EC4 /* LocalRelease */ = {
			isa = XCBuildConfiguration;
			baseConfigurationReference = B38929B7A1C5A8920DB5E000 /* Pods-Rainbow.localrelease.xcconfig */;
			buildSettings = {
				ASSETCATALOG_COMPILER_APPICON_NAME = AppIcon;
				ASSETCATALOG_COMPILER_OPTIMIZATION = time;
				CLANG_ENABLE_MODULES = YES;
				CODE_SIGN_ENTITLEMENTS = Rainbow/Rainbow.entitlements;
				CODE_SIGN_IDENTITY = "iPhone Distribution";
				CODE_SIGN_STYLE = Manual;
				CURRENT_PROJECT_VERSION = 1;
				DEBUG_INFORMATION_FORMAT = "dwarf-with-dsym";
				DEVELOPMENT_TEAM = QS5AFH4668;
				ENABLE_BITCODE = NO;
				"EXCLUDED_ARCHS[sdk=iphonesimulator*]" = arm64;
				FRAMEWORK_SEARCH_PATHS = (
					"$(inherited)",
					"$(PROJECT_DIR)/Frameworks",
				);
				GCC_PRECOMPILE_PREFIX_HEADER = YES;
				GCC_UNROLL_LOOPS = YES;
				HEADER_SEARCH_PATHS = (
					"$(inherited)",
					"$(PROJECT_DIR)/Frameworks",
					"$(SRCROOT)/../node_modules/react-native-tooltip/ToolTipMenu",
					"$(SRCROOT)/../node_modules/react-native-code-push/ios/**",
					"$(SRCROOT)/../node_modules/@ledgerhq/react-native-passcode-auth",
					"$(SRCROOT)/../node_modules/react-native-firebase/ios/RNFirebase/**",
				);
				INFOPLIST_FILE = Rainbow/Info.plist;
				IPHONEOS_DEPLOYMENT_TARGET = 12.0;
				LD_RUNPATH_SEARCH_PATHS = "$(inherited) @executable_path/Frameworks";
				LLVM_LTO = YES;
				MARKETING_VERSION = 1.1.12;
				OTHER_CFLAGS = (
					"$(inherited)",
					"-DFB_SONARKIT_ENABLED=1",
				);
				OTHER_LDFLAGS = (
					"$(inherited)",
					"-ObjC",
					"-lc++",
				);
				OTHER_SWIFT_FLAGS = "$(inherited) -D EXPO_CONFIGURATION_RELEASE";
				PRODUCT_BUNDLE_IDENTIFIER = com.cardstack.cardpay;
				PRODUCT_NAME = Rainbow;
				PROVISIONING_PROFILE = "";
				PROVISIONING_PROFILE_SPECIFIER = "match AppStore com.cardstack.cardpay";
				SWIFT_OBJC_BRIDGING_HEADER = "Rainbow-Bridging-Header.h";
				SWIFT_VERSION = 5.0;
				VERSIONING_SYSTEM = "apple-generic";
			};
			name = LocalRelease;
		};
		83CBBA201A601CBA00E9B192 /* Debug */ = {
			isa = XCBuildConfiguration;
			buildSettings = {
				ALWAYS_SEARCH_USER_PATHS = NO;
				CLANG_CXX_LANGUAGE_STANDARD = "gnu++0x";
				CLANG_CXX_LIBRARY = "libc++";
				CLANG_ENABLE_MODULES = YES;
				CLANG_ENABLE_OBJC_ARC = YES;
				CLANG_WARN_BOOL_CONVERSION = YES;
				CLANG_WARN_CONSTANT_CONVERSION = YES;
				CLANG_WARN_DIRECT_OBJC_ISA_USAGE = YES_ERROR;
				CLANG_WARN_EMPTY_BODY = YES;
				CLANG_WARN_ENUM_CONVERSION = YES;
				CLANG_WARN_INT_CONVERSION = YES;
				CLANG_WARN_OBJC_ROOT_CLASS = YES_ERROR;
				CLANG_WARN_UNREACHABLE_CODE = YES;
				CLANG_WARN__DUPLICATE_METHOD_MATCH = YES;
				"CODE_SIGN_IDENTITY[sdk=iphoneos*]" = "iPhone Developer";
				COPY_PHASE_STRIP = NO;
				ENABLE_STRICT_OBJC_MSGSEND = YES;
				"EXCLUDED_ARCHS[sdk=iphonesimulator*]" = "";
				GCC_C_LANGUAGE_STANDARD = gnu99;
				GCC_DYNAMIC_NO_PIC = NO;
				GCC_OPTIMIZATION_LEVEL = 0;
				GCC_PREPROCESSOR_DEFINITIONS = (
					"DEBUG=1",
					"$(inherited)",
				);
				GCC_SYMBOLS_PRIVATE_EXTERN = NO;
				GCC_WARN_64_TO_32_BIT_CONVERSION = YES;
				GCC_WARN_ABOUT_RETURN_TYPE = YES_ERROR;
				GCC_WARN_UNDECLARED_SELECTOR = YES;
				GCC_WARN_UNINITIALIZED_AUTOS = YES_AGGRESSIVE;
				GCC_WARN_UNUSED_FUNCTION = YES;
				GCC_WARN_UNUSED_VARIABLE = YES;
				IPHONEOS_DEPLOYMENT_TARGET = 12.0;
				MTL_ENABLE_DEBUG_INFO = YES;
				ONLY_ACTIVE_ARCH = YES;
				SDKROOT = iphoneos;
			};
			name = Debug;
		};
		83CBBA211A601CBA00E9B192 /* Release */ = {
			isa = XCBuildConfiguration;
			buildSettings = {
				ALWAYS_SEARCH_USER_PATHS = NO;
				CLANG_CXX_LANGUAGE_STANDARD = "gnu++0x";
				CLANG_CXX_LIBRARY = "libc++";
				CLANG_ENABLE_MODULES = YES;
				CLANG_ENABLE_OBJC_ARC = YES;
				CLANG_WARN_BOOL_CONVERSION = YES;
				CLANG_WARN_CONSTANT_CONVERSION = YES;
				CLANG_WARN_DIRECT_OBJC_ISA_USAGE = YES_ERROR;
				CLANG_WARN_EMPTY_BODY = YES;
				CLANG_WARN_ENUM_CONVERSION = YES;
				CLANG_WARN_INT_CONVERSION = YES;
				CLANG_WARN_OBJC_ROOT_CLASS = YES_ERROR;
				CLANG_WARN_UNREACHABLE_CODE = YES;
				CLANG_WARN__DUPLICATE_METHOD_MATCH = YES;
				"CODE_SIGN_IDENTITY[sdk=iphoneos*]" = "iPhone Developer";
				COPY_PHASE_STRIP = YES;
				ENABLE_NS_ASSERTIONS = NO;
				ENABLE_STRICT_OBJC_MSGSEND = YES;
				"EXCLUDED_ARCHS[sdk=iphonesimulator*]" = "";
				GCC_C_LANGUAGE_STANDARD = gnu99;
				GCC_WARN_64_TO_32_BIT_CONVERSION = YES;
				GCC_WARN_ABOUT_RETURN_TYPE = YES_ERROR;
				GCC_WARN_UNDECLARED_SELECTOR = YES;
				GCC_WARN_UNINITIALIZED_AUTOS = YES_AGGRESSIVE;
				GCC_WARN_UNUSED_FUNCTION = YES;
				GCC_WARN_UNUSED_VARIABLE = YES;
				IPHONEOS_DEPLOYMENT_TARGET = 12.0;
				MTL_ENABLE_DEBUG_INFO = NO;
				SDKROOT = iphoneos;
				VALIDATE_PRODUCT = YES;
			};
			name = Release;
		};
/* End XCBuildConfiguration section */

/* Begin XCConfigurationList section */
		13B07F931A680F5B00A75B9A /* Build configuration list for PBXNativeTarget "Rainbow" */ = {
			isa = XCConfigurationList;
			buildConfigurations = (
				13B07F941A680F5B00A75B9A /* Debug */,
				13B07F951A680F5B00A75B9A /* Release */,
				2C87B79A2197FA1900682EC4 /* LocalRelease */,
				2C6A799821127ED9003AFB37 /* Staging */,
			);
			defaultConfigurationIsVisible = 0;
			defaultConfigurationName = Release;
		};
		83CBB9FA1A601CBA00E9B192 /* Build configuration list for PBXProject "Rainbow" */ = {
			isa = XCConfigurationList;
			buildConfigurations = (
				83CBBA201A601CBA00E9B192 /* Debug */,
				83CBBA211A601CBA00E9B192 /* Release */,
				2C87B7992197FA1900682EC4 /* LocalRelease */,
				2C6A799721127ED9003AFB37 /* Staging */,
			);
			defaultConfigurationIsVisible = 0;
			defaultConfigurationName = Release;
		};
/* End XCConfigurationList section */
	};
	rootObject = 83CBB9F71A601CBA00E9B192 /* Project object */;
}
